// !$*UTF8*$!
{
	archiveVersion = 1;
	classes = {
	};
	objectVersion = 77;
	objects = {

/* Begin PBXBuildFile section */
        61C15A94C3E544BB939D67CC /* PodkopApp.swift in Sources */ = {isa = PBXBuildFile; fileRef = 7B67E2E3D39E49A3A045A6B5 /* PodkopApp.swift */; };
        6AC4F2076DE74EA08D08B105 /* Navigation.swift in Sources */ = {isa = PBXBuildFile; fileRef = 24D4922734BF474EBB88AF90 /* Navigation.swift */; };
        66ECDFE970A3470C9C20635D /* AppDependencies.swift in Sources */ = {isa = PBXBuildFile; fileRef = 83D17579B10E45EC8444FC9D /* AppDependencies.swift */; };
        765EF8B8CB9D4E3A9ECDE2AB /* ResourcePresentation.swift in Sources */ = {isa = PBXBuildFile; fileRef = 423E83F24A1242E49BEE23E1 /* ResourcePresentation.swift */; };
        ED688BA1A1E64006B7DD778D /* RichContent.swift in Sources */ = {isa = PBXBuildFile; fileRef = 31A61F97DBAC4A839394C803 /* RichContent.swift */; };
        B1D7EE6EF1334F1199028973 /* ResourceCard.swift in Sources */ = {isa = PBXBuildFile; fileRef = 4A788E919FFB47A08B7CF9E7 /* ResourceCard.swift */; };
        42C81BFD5ED142EFAC753D3C /* ImageDecoder.swift in Sources */ = {isa = PBXBuildFile; fileRef = 2E2F6319C87746BD801CD2FA /* ImageDecoder.swift */; };
        A42A844F2170466EAA736E8B /* ContentFixtures.swift in Sources */ = {isa = PBXBuildFile; fileRef = D324238273CB4320AC9F4B6B /* ContentFixtures.swift */; };
        A4D20531481741C293C99B22 /* ContentTests.swift in Sources */ = {isa = PBXBuildFile; fileRef = EC43FE54DA684D6290309BA2 /* ContentTests.swift */; };
        A55EEA11695A486EA7F8CC11 /* FeedModel.swift in Sources */ = {isa = PBXBuildFile; fileRef = A55EEA11695A486EA7F8CC12 /* FeedModel.swift */; };
        A55EEA11695A486EA7F8CC13 /* FeedView.swift in Sources */ = {isa = PBXBuildFile; fileRef = A55EEA11695A486EA7F8CC14 /* FeedView.swift */; };
        A55EEA11695A486EA7F8CC15 /* FeedTests.swift in Sources */ = {isa = PBXBuildFile; fileRef = A55EEA11695A486EA7F8CC16 /* FeedTests.swift */; };
        A55EEA11695A486EA7F8CC17 /* ResourceUpdates.swift in Sources */ = {isa = PBXBuildFile; fileRef = A55EEA11695A486EA7F8CC18 /* ResourceUpdates.swift */; };
        A55EEA11695A486EA7F8CC19 /* DetailModel.swift in Sources */ = {isa = PBXBuildFile; fileRef = A55EEA11695A486EA7F8CC1A /* DetailModel.swift */; };
        A55EEA11695A486EA7F8CC1B /* DetailView.swift in Sources */ = {isa = PBXBuildFile; fileRef = A55EEA11695A486EA7F8CC1C /* DetailView.swift */; };
        A55EEA11695A486EA7F8CC1D /* DetailMutations.swift in Sources */ = {isa = PBXBuildFile; fileRef = A55EEA11695A486EA7F8CC1E /* DetailMutations.swift */; };
        A55EEA11695A486EA7F8CC1F /* ResourceActions.swift in Sources */ = {isa = PBXBuildFile; fileRef = A55EEA11695A486EA7F8CC20 /* ResourceActions.swift */; };
        A55EEA11695A486EA7F8CC21 /* DetailTests.swift in Sources */ = {isa = PBXBuildFile; fileRef = A55EEA11695A486EA7F8CC22 /* DetailTests.swift */; };
        A55EEA11695A486EA7F8CC23 /* ComposerModel.swift in Sources */ = {isa = PBXBuildFile; fileRef = A55EEA11695A486EA7F8CC24 /* ComposerModel.swift */; };
        A55EEA11695A486EA7F8CC25 /* ComposerView.swift in Sources */ = {isa = PBXBuildFile; fileRef = A55EEA11695A486EA7F8CC26 /* ComposerView.swift */; };
        A55EEA11695A486EA7F8CC27 /* ComposerTests.swift in Sources */ = {isa = PBXBuildFile; fileRef = A55EEA11695A486EA7F8CC28 /* ComposerTests.swift */; };
        A55EEA11695A486EA7F8CC29 /* ComposerMedia.swift in Sources */ = {isa = PBXBuildFile; fileRef = A55EEA11695A486EA7F8CC2A /* ComposerMedia.swift */; };
        A55EEA11695A486EA7F8CC2B /* LinkSubmissionModel.swift in Sources */ = {isa = PBXBuildFile; fileRef = A55EEA11695A486EA7F8CC2C /* LinkSubmissionModel.swift */; };
        A55EEA11695A486EA7F8CC2D /* LinkSubmissionView.swift in Sources */ = {isa = PBXBuildFile; fileRef = A55EEA11695A486EA7F8CC2E /* LinkSubmissionView.swift */; };
        EA6FB1290B8641528214D00C /* BridgeAdapter.swift in Sources */ = {isa = PBXBuildFile; fileRef = 8938F95AE105476FBFAED90F /* BridgeAdapter.swift */; };
        0A03C3378B6842BB92176384 /* BridgeTests.swift in Sources */ = {isa = PBXBuildFile; fileRef = 68D56A2BD57647A0AAC55C50 /* BridgeTests.swift */; };
        B6CCCA61EC664508A2A9EB7E /* NavigationTests.swift in Sources */ = {isa = PBXBuildFile; fileRef = BCA90B552E6E419AB9BC1E1F /* NavigationTests.swift */; };
        5E8F6213798A4CFDB0D0E854 /* ShellUITests.swift in Sources */ = {isa = PBXBuildFile; fileRef = BF3C4D3A623A46E4B9518E05 /* ShellUITests.swift */; };
        0D91B5B012E34DDF9850C07F /* Assets.xcassets in Resources */ = {isa = PBXBuildFile; fileRef = 9A1D77A1EE3A4455926341B6 /* Assets.xcassets */; };
        B45D929D657D42B28C07A0F2 /* Localizable.xcstrings in Resources */ = {isa = PBXBuildFile; fileRef = 209581F294714C7DB471EEB1 /* Localizable.xcstrings */; };
        909E681194FBCF39134101AC /* SearchModel.swift in Sources */ = {isa = PBXBuildFile; fileRef = 37D642140D8F3C026C325D3F /* SearchModel.swift */; };
        0F079B3C76D37B02FC14327D /* AdvancedSearchModel.swift in Sources */ = {isa = PBXBuildFile; fileRef = DDB2E9268513FB939F118457 /* AdvancedSearchModel.swift */; };
        B5CF11022E7F87221A02E249 /* SearchViews.swift in Sources */ = {isa = PBXBuildFile; fileRef = 07DDF087101742F9F8B0701A /* SearchViews.swift */; };
        02CB33D15DC0CE1ABA44F0BA /* ListPager.swift in Sources */ = {isa = PBXBuildFile; fileRef = 8EC61689F6168F07FA3355F1 /* ListPager.swift */; };
        1635A6C50CC0FB99834D58EF /* DiscoveryViews.swift in Sources */ = {isa = PBXBuildFile; fileRef = 5D7A728DB634A1326D6CE7FC /* DiscoveryViews.swift */; };
        1C85B399732F8252ED64834E /* CollectionServices.swift in Sources */ = {isa = PBXBuildFile; fileRef = CD515F673384D1A2449DD56C /* CollectionServices.swift */; };
        F0CE44DF4F1D50A2D776540B /* CollectionViews.swift in Sources */ = {isa = PBXBuildFile; fileRef = 9A7F23CE2B66563D909ED76E /* CollectionViews.swift */; };
        66C773A96841C88BD97B0E0B /* DiscoveryTests.swift in Sources */ = {isa = PBXBuildFile; fileRef = 083B7806FC22238A0EEBE5A8 /* DiscoveryTests.swift */; };
        AE162D3DA55CD0503E893832 /* TagModel.swift in Sources */ = {isa = PBXBuildFile; fileRef = 7807B892B2AE9149DD21D8B1 /* TagModel.swift */; };
        E71A1890F7C98C82DA8DED1D /* TagView.swift in Sources */ = {isa = PBXBuildFile; fileRef = 93FE0B35ADB76CD1ED1C0F0D /* TagView.swift */; };
        18D1DE7A6BD88416F06954AF /* ProfileModel.swift in Sources */ = {isa = PBXBuildFile; fileRef = F567245D4267A6D11E66C8AE /* ProfileModel.swift */; };
        9281BF33F2FAE691DF4E3E85 /* ProfileView.swift in Sources */ = {isa = PBXBuildFile; fileRef = 7A22120C0CD53CDEBF94581A /* ProfileView.swift */; };
        43A6E3BAFF11CF1360AE8836 /* BlacklistsModel.swift in Sources */ = {isa = PBXBuildFile; fileRef = A302AA41612A8855AE734E3F /* BlacklistsModel.swift */; };
        CF566D71956DBD5300BB9C48 /* BlacklistsView.swift in Sources */ = {isa = PBXBuildFile; fileRef = 76CDFAE75B97FCEF92D5AE24 /* BlacklistsView.swift */; };
        A7B3FBB69C8AAE432D76F746 /* AccountTests.swift in Sources */ = {isa = PBXBuildFile; fileRef = 3193CE591BAB3D4A556B4374 /* AccountTests.swift */; };
        8B3CA09CDD2CCACFDEBF9F5B /* ComposerAttachment.swift in Sources */ = {isa = PBXBuildFile; fileRef = 0F986F8B41D0526EBF9DC8C6 /* ComposerAttachment.swift */; };
        48FE84B34800D916CA1B6BFC /* NotificationsModel.swift in Sources */ = {isa = PBXBuildFile; fileRef = 8DE536F3286818219D435811 /* NotificationsModel.swift */; };
        FBD65A4EB20659E664CD4466 /* NotificationsView.swift in Sources */ = {isa = PBXBuildFile; fileRef = 6509329F5883DD782F94E216 /* NotificationsView.swift */; };
        FE052771E8D3D1B6120DF994 /* MessagesService.swift in Sources */ = {isa = PBXBuildFile; fileRef = A3D95F292F6498AC8A2403F9 /* MessagesService.swift */; };
        95B92707EBB3ED9AEA2FCB5D /* MessagesModels.swift in Sources */ = {isa = PBXBuildFile; fileRef = 19A3A338BD06AE32AFA7E41F /* MessagesModels.swift */; };
        E7B65153DBAB59F2081B1374 /* MessagesViews.swift in Sources */ = {isa = PBXBuildFile; fileRef = A383B801EB7438A37B8E40EA /* MessagesViews.swift */; };
        74DD18CFCCD3542F378CBF88 /* MessagingTests.swift in Sources */ = {isa = PBXBuildFile; fileRef = 4EF022A0190C85A40A2FFFEC /* MessagingTests.swift */; };
        04DE9B7D13DE93A26B4E5ADF /* Assets.xcassets in Resources */ = {isa = PBXBuildFile; fileRef = 03C1E60322E357D3B67DD492 /* Assets.xcassets */; };
        76FD32DE44B14626F1927AF5 /* LaunchScreen.storyboard in Resources */ = {isa = PBXBuildFile; fileRef = 2AE2C9F6EF61F673D35BC5D0 /* LaunchScreen.storyboard */; };
        5E675A79ECA1665A790C4961 /* SplashView.swift in Sources */ = {isa = PBXBuildFile; fileRef = 0E13C8A17FC35BE15659F60B /* SplashView.swift */; };
        CBE9ED5793A7BD3B8E5EF6F7 /* MediaLoader.swift in Sources */ = {isa = PBXBuildFile; fileRef = F6BCF51AE0AEDCA2ACC29B64 /* MediaLoader.swift */; };
        3BC9F5AEF6C7595E7DA6EA69 /* SettingsModel.swift in Sources */ = {isa = PBXBuildFile; fileRef = 5377743819E6CBF50176B3C1 /* SettingsModel.swift */; };
        1DD88B3D890AAF4FBC543793 /* SettingsViews.swift in Sources */ = {isa = PBXBuildFile; fileRef = 6C4726BEB4F145EADBD29946 /* SettingsViews.swift */; };
        9629B7B772744083A930695D /* PlatformExport.swift in Sources */ = {isa = PBXBuildFile; fileRef = 0A3566EF05304A548954203F /* PlatformExport.swift */; };
        17E9FFFC16F6B3C225127953 /* AppRouter.swift in Sources */ = {isa = PBXBuildFile; fileRef = C01275D90F1A36F0047B8733 /* AppRouter.swift */; };
        9C9D25FE375824FC4D15AB66 /* LinkIngress.swift in Sources */ = {isa = PBXBuildFile; fileRef = 5646698F8D5982C696CCC077 /* LinkIngress.swift */; };
        7DD616639103FB42EEEECFE1 /* RootView.swift in Sources */ = {isa = PBXBuildFile; fileRef = B7097C627A0052D7F7BCFD64 /* RootView.swift */; };
        070A23D5F5658901A887B07D /* SceneActivity.swift in Sources */ = {isa = PBXBuildFile; fileRef = E0BB46CA8B72420C10BD1621 /* SceneActivity.swift */; };
        1AEDB38918A10E49B14F2EB0 /* SessionModel.swift in Sources */ = {isa = PBXBuildFile; fileRef = FB67881E1D1B403F7C4E8058 /* SessionModel.swift */; };
        D5BAAB8BA25CB8EA24EF635B /* TabContent.swift in Sources */ = {isa = PBXBuildFile; fileRef = 965EDC5E389563C1378847F0 /* TabContent.swift */; };
        56B9EF80C64D30B89EB02620 /* AuthorColor.swift in Sources */ = {isa = PBXBuildFile; fileRef = 5C504485CC426B32658BDADE /* AuthorColor.swift */; };
        D8B8CF668BEB683C4EE5F9CF /* EmbedCard.swift in Sources */ = {isa = PBXBuildFile; fileRef = E9AFBDEC9B0D97FF3B11F33D /* EmbedCard.swift */; };
        3A7C1B2A52C54A313E16162E /* ImageViewer.swift in Sources */ = {isa = PBXBuildFile; fileRef = ECF2743F9113D807A32FF961 /* ImageViewer.swift */; };
        C03C3B8E7A84FD46E67DF8C7 /* MediaView.swift in Sources */ = {isa = PBXBuildFile; fileRef = 19FB60E52D5C036548407292 /* MediaView.swift */; };
        0ED30CC2D17C0CA8DDA8B81E /* RichContentView.swift in Sources */ = {isa = PBXBuildFile; fileRef = 7BD12D5853F4370C6AB728B3 /* RichContentView.swift */; };
        E9A820179D2B261D6F1116EF /* ScreenshotSurface.swift in Sources */ = {isa = PBXBuildFile; fileRef = 07B4C3CDA115A149248E168B /* ScreenshotSurface.swift */; };
        EC87A01389BD2B4B9DD28CB8 /* StateView.swift in Sources */ = {isa = PBXBuildFile; fileRef = 19685255C6209C429FE4B3EC /* StateView.swift */; };
        E6C71962845F67FAFBDDF543 /* SurveyView.swift in Sources */ = {isa = PBXBuildFile; fileRef = EDD369881FB7FC9DB6713D6B /* SurveyView.swift */; };
        D66EAF71DA37428E37684A9D /* ScreenshotPreview.swift in Sources */ = {isa = PBXBuildFile; fileRef = 50A7C72F2BCF75F5146C56AF /* ScreenshotPreview.swift */; };
        7624112517394D941D188A05 /* FavouritesView.swift in Sources */ = {isa = PBXBuildFile; fileRef = F2CA004FE3E1440476F8FDA9 /* FavouritesView.swift */; };
        35B1946744352D06AE9CAF1F /* HitsView.swift in Sources */ = {isa = PBXBuildFile; fileRef = 208A5A773552A7E31EFA19FB /* HitsView.swift */; };
        4F0D5FE01C124BF204B8F858 /* ObservedView.swift in Sources */ = {isa = PBXBuildFile; fileRef = B8CC9CD8029B2B6F74367D73 /* ObservedView.swift */; };
        FF7CE19C868B9737C5AA84A7 /* RankView.swift in Sources */ = {isa = PBXBuildFile; fileRef = A88B1029C1B8B2E64A3FA918 /* RankView.swift */; };
        192129297A42A08073B45192 /* ConversationView.swift in Sources */ = {isa = PBXBuildFile; fileRef = B782DD56608B7C7018B54074 /* ConversationView.swift */; };
        A40B6513D84E89457D49B22F /* NewConversationView.swift in Sources */ = {isa = PBXBuildFile; fileRef = 2AAFB546B824AEC6A6EB781C /* NewConversationView.swift */; };
        B5931CB3E2730AF3AF9A6BCC /* AdvancedSearchView.swift in Sources */ = {isa = PBXBuildFile; fileRef = 8163D83B719AE9EA2E246EE3 /* AdvancedSearchView.swift */; };
        6A379002ECCE4613A41149DC /* AboutView.swift in Sources */ = {isa = PBXBuildFile; fileRef = A72D67A43E5ABCC4BFFA0286 /* AboutView.swift */; };
        9FDC9A307A91D7058DE6899F /* DebugView.swift in Sources */ = {isa = PBXBuildFile; fileRef = 77C932ED4D69351B7C1A1731 /* DebugView.swift */; };
        8FFD6220BA840ED33DD61E27 /* ImageExportControls.swift in Sources */ = {isa = PBXBuildFile; fileRef = 26D66297EFD40A3DF9B0E506 /* ImageExportControls.swift */; };
        1286FDCBE3098983922448B8 /* SafariView.swift in Sources */ = {isa = PBXBuildFile; fileRef = 436034D30CA1FC84B95D0215 /* SafariView.swift */; };
        2C2D57D7AD4C8CCE2E8EB1CC /* BlacklistCategoryModel.swift in Sources */ = {isa = PBXBuildFile; fileRef = 0A2C3EB6D43E62DD00167289 /* BlacklistCategoryModel.swift */; };
        6989572CED49B90ED160FD93 /* BlacklistTypes.swift in Sources */ = {isa = PBXBuildFile; fileRef = 3552324D9F1CF8D7E40EC33C /* BlacklistTypes.swift */; };
        F94FD05291B29A97537B3644 /* BlacklistsService.swift in Sources */ = {isa = PBXBuildFile; fileRef = 606591C38CA79170032D3795 /* BlacklistsService.swift */; };
        73512866331D4549DC6E473C /* FixtureBlacklistsLoader.swift in Sources */ = {isa = PBXBuildFile; fileRef = 3B3D8B24905D9704118D950F /* FixtureBlacklistsLoader.swift */; };
        30D43EB3F4A251D5CA6D6054 /* ComposerService.swift in Sources */ = {isa = PBXBuildFile; fileRef = CABAD9B4043B763C68A75FF0 /* ComposerService.swift */; };
        0B03CB73D23F40E36298FC7A /* FixtureComposerSubmitter.swift in Sources */ = {isa = PBXBuildFile; fileRef = 434718FDB08F6115B4494B3E /* FixtureComposerSubmitter.swift */; };
        0F87E795E4EA169DFF01A600 /* FixtureLinkDrafting.swift in Sources */ = {isa = PBXBuildFile; fileRef = 956CFF037AD712305AB50E00 /* FixtureLinkDrafting.swift */; };
        CA515514B2F704F9A4CFF52F /* LinkDraftTypes.swift in Sources */ = {isa = PBXBuildFile; fileRef = BC47DA508C8F53BD3C9C1631 /* LinkDraftTypes.swift */; };
        F40FD3F8C533C958C25ADEB8 /* DetailService.swift in Sources */ = {isa = PBXBuildFile; fileRef = C8A1CFC3A07F9AFDE18A33B6 /* DetailService.swift */; };
        55B6816131D171D640A15A8F /* FixtureDetailLoader.swift in Sources */ = {isa = PBXBuildFile; fileRef = EA026DA78F084DCEFABFE8E9 /* FixtureDetailLoader.swift */; };
        4B0DB454E5739813F1B225A3 /* CollectionReconciliation.swift in Sources */ = {isa = PBXBuildFile; fileRef = 595C400187939FBB5ED2EBEC /* CollectionReconciliation.swift */; };
        F043B99C0B3DE32E53D5FE3D /* FavouritesModel.swift in Sources */ = {isa = PBXBuildFile; fileRef = F74D094F7123F472B8B08A0F /* FavouritesModel.swift */; };
        94F16AA240E1C6407F74B0E6 /* HitsModel.swift in Sources */ = {isa = PBXBuildFile; fileRef = 713B361887C182EB3EA02F8E /* HitsModel.swift */; };
        6CB1E934E81BA3790171C2DF /* ObservedModel.swift in Sources */ = {isa = PBXBuildFile; fileRef = AC9CFB33A41864AEE94E9BC6 /* ObservedModel.swift */; };
        34A7E85B2CEC7C303984E9CF /* RankModel.swift in Sources */ = {isa = PBXBuildFile; fileRef = BA990ED56BE6BE4EFE3E2BEB /* RankModel.swift */; };
        88AFA12A93ABC666C218072C /* FeedTypes.swift in Sources */ = {isa = PBXBuildFile; fileRef = 38F15106DEA0366A4DBE2CF7 /* FeedTypes.swift */; };
        77E771903A0F3B78F3A53584 /* FixtureFeedLoader.swift in Sources */ = {isa = PBXBuildFile; fileRef = 19D559C1C9FF6EDCA854D6CB /* FixtureFeedLoader.swift */; };
        D6A36D4B2C7E4A6839627B0B /* ConversationModel.swift in Sources */ = {isa = PBXBuildFile; fileRef = DFD81856D4702BEFBD0548E0 /* ConversationModel.swift */; };
        39AD8B5DE82D1D7FDBF18E5C /* NewConversationModel.swift in Sources */ = {isa = PBXBuildFile; fileRef = 93CE7173DE9002064997D88B /* NewConversationModel.swift */; };
        2D8478BFFC3D6B10DBE28329 /* FixtureNotificationsLoader.swift in Sources */ = {isa = PBXBuildFile; fileRef = 859FA40587102FDE59595C53 /* FixtureNotificationsLoader.swift */; };
        0F4309B71CB16073AE3A4A93 /* NotificationTypes.swift in Sources */ = {isa = PBXBuildFile; fileRef = 620A3EBF813BAF13CAD43653 /* NotificationTypes.swift */; };
        06F0D22637833F256EBA7E22 /* FixtureProfileLoader.swift in Sources */ = {isa = PBXBuildFile; fileRef = 58DD555BC98ED43754B75A6F /* FixtureProfileLoader.swift */; };
        576814B8787119C80ECDF6F7 /* ProfileTypes.swift in Sources */ = {isa = PBXBuildFile; fileRef = 324D96E2D551315E86594040 /* ProfileTypes.swift */; };
        E9EBC436AC21B3237257ECFE /* StringNonEmpty.swift in Sources */ = {isa = PBXBuildFile; fileRef = D4F21A870DF4BDC5EBC2088D /* StringNonEmpty.swift */; };
        177E84E258C8FA50724E43CC /* AdvancedSearchTypes.swift in Sources */ = {isa = PBXBuildFile; fileRef = 2B1D5827685F930D888E269A /* AdvancedSearchTypes.swift */; };
        6B45D59CBD0C915C30CBD07A /* FixtureAdvancedSearching.swift in Sources */ = {isa = PBXBuildFile; fileRef = 3849744C25106D62E267ADBD /* FixtureAdvancedSearching.swift */; };
        5254957297F295B608FCEE3F /* FixtureSearchSuggesting.swift in Sources */ = {isa = PBXBuildFile; fileRef = 0C6AC17E0D3DFA2536B1143F /* FixtureSearchSuggesting.swift */; };
        384EF9CC08E1136892028BD2 /* SearchTypes.swift in Sources */ = {isa = PBXBuildFile; fileRef = 1D2787F435F03FF755FB7F8C /* SearchTypes.swift */; };
        77C0DA63E7A546240A6B9117 /* AppBuild.swift in Sources */ = {isa = PBXBuildFile; fileRef = B2E9E8BF183335FABB27E0DD /* AppBuild.swift */; };
        CCC98821ECF5EF0A4DB9F318 /* SettingsService.swift in Sources */ = {isa = PBXBuildFile; fileRef = C321088D9DD2BDE81AA105D2 /* SettingsService.swift */; };
        33A2EDFA8D3815434BDF5E42 /* SettingsTypes.swift in Sources */ = {isa = PBXBuildFile; fileRef = 4CFF8B9A4B68EF7BA40D8D10 /* SettingsTypes.swift */; };
        55DEFC4D67E97D4FC9F4252E /* FixtureTagLoader.swift in Sources */ = {isa = PBXBuildFile; fileRef = BCDCFFCD7F080D8ACFBB042D /* FixtureTagLoader.swift */; };
        4EFD9D9F59E0CC01E68A9547 /* TagTypes.swift in Sources */ = {isa = PBXBuildFile; fileRef = A179A43B21EC2D7B7E20ED1A /* TagTypes.swift */; };
        2D9901411CC87D1BC740BFA6 /* RemoteImage.swift in Sources */ = {isa = PBXBuildFile; fileRef = 6B17B778E2731FB753DD7A70 /* RemoteImage.swift */; };
        C3876646768DAD8B33C5B436 /* ComposerAttachmentControls.swift in Sources */ = {isa = PBXBuildFile; fileRef = 87889F2ECA1C9D07B525C694 /* ComposerAttachmentControls.swift */; };
        D3140F2195DE92226EA0DEB2 /* ComposerTarget.swift in Sources */ = {isa = PBXBuildFile; fileRef = EAF06FCFB0AF193403C60FBF /* ComposerTarget.swift */; };
        A44551B9C3E728359F7C788C /* LinkDraftService.swift in Sources */ = {isa = PBXBuildFile; fileRef = 05B8A26F45427D15738FB2BC /* LinkDraftService.swift */; };
        5A3DC7EF9E9187269A3A4CC5 /* CollectionTypes.swift in Sources */ = {isa = PBXBuildFile; fileRef = D099F343000268688FB51248 /* CollectionTypes.swift */; };
        8CC675ABCDD9B9F47D6C22F7 /* FixtureCollectionLoader.swift in Sources */ = {isa = PBXBuildFile; fileRef = 7D7281F7F07FAA2D3FE52451 /* FixtureCollectionLoader.swift */; };
        DD47FE45047FFBAD9B48758B /* FeedService.swift in Sources */ = {isa = PBXBuildFile; fileRef = 4D7D060A8DF1FDBA8C4C64C0 /* FeedService.swift */; };
        8822523EE394CF4350411CF1 /* FixtureMessagesLoader.swift in Sources */ = {isa = PBXBuildFile; fileRef = 999EB04E9680779AB5AF428D /* FixtureMessagesLoader.swift */; };
        FF3410E26F2FF21C43AAA715 /* MessageTypes.swift in Sources */ = {isa = PBXBuildFile; fileRef = 400B9B418FBD928727307129 /* MessageTypes.swift */; };
        5C40BB2B88C328579C4C8EF9 /* NotificationsService.swift in Sources */ = {isa = PBXBuildFile; fileRef = E1803020A78390C6E5BB87AC /* NotificationsService.swift */; };
        31E7EA45573A4214CDCB271E /* ProfileService.swift in Sources */ = {isa = PBXBuildFile; fileRef = 875DAFE057CAE6895E02FFF0 /* ProfileService.swift */; };
        C9204479A5966E2C13A8B0BB /* AdvancedSearchService.swift in Sources */ = {isa = PBXBuildFile; fileRef = E0CA9F2EE95987DCB36DB56F /* AdvancedSearchService.swift */; };
        2F3FD5282719A0503BFD3E69 /* SearchService.swift in Sources */ = {isa = PBXBuildFile; fileRef = 64734D9ECB51891F4E052804 /* SearchService.swift */; };
        9CDCBB0E4B23C2C187804638 /* TagService.swift in Sources */ = {isa = PBXBuildFile; fileRef = 15860041FAC0BA68C5327FE7 /* TagService.swift */; };
        D1FEA37BC9275955AA2505AB /* ContentTokens.swift in Sources */ = {isa = PBXBuildFile; fileRef = AB17435ADF08196F3955B99D /* ContentTokens.swift */; };
        EE8CC9DCF2FF505A8EBEC153 /* FixtureVoterLoader.swift in Sources */ = {isa = PBXBuildFile; fileRef = 9BEB8F1D0AA0582D06EC64B9 /* FixtureVoterLoader.swift */; };
        6D72561A514B764032CD44FD /* ResourceLinkBuilder.swift in Sources */ = {isa = PBXBuildFile; fileRef = CDC02591656FDF18F84237FE /* ResourceLinkBuilder.swift */; };
        2CD9CEFEB45302DA1C835092 /* VoterModel.swift in Sources */ = {isa = PBXBuildFile; fileRef = 0996F54763E33F24EF06EE45 /* VoterModel.swift */; };
        05B337F30EE07AC908CBE986 /* VoterService.swift in Sources */ = {isa = PBXBuildFile; fileRef = 78FD9E51132A4FDE802C96D6 /* VoterService.swift */; };
        68ACF2FA6DDC85F748F2A802 /* VoterTarget.swift in Sources */ = {isa = PBXBuildFile; fileRef = 5E961E5FEF0AC6EAE40A0F2C /* VoterTarget.swift */; };
        49B5DBE92EB06B63DFC4B33F /* VoterTypes.swift in Sources */ = {isa = PBXBuildFile; fileRef = C82804522863635493344132 /* VoterTypes.swift */; };
        069F95C6D7076449D216B877 /* VotersView.swift in Sources */ = {isa = PBXBuildFile; fileRef = 4151F15750BF2889D4D54214 /* VotersView.swift */; };
        20E2717343C6B2ED79C16949 /* HexColor.swift in Sources */ = {isa = PBXBuildFile; fileRef = B324942D8D053FC85E9998B8 /* HexColor.swift */; };
        8B95AAE20D76EE34F9546055 /* FixtureSettingsService.swift in Sources */ = {isa = PBXBuildFile; fileRef = 0D34386E8F18A5AB7040226D /* FixtureSettingsService.swift */; };
        5C9E0465E2CE5B57475A2350 /* ResourceCardActions.swift in Sources */ = {isa = PBXBuildFile; fileRef = 4C57EFFC1B3F35DD051C2B45 /* ResourceCardActions.swift */; };
        20FD320479D54E92A67BCDAE /* ContentFixtureGallery.swift in Sources */ = {isa = PBXBuildFile; fileRef = 67D78618C2687344ED61AA89 /* ContentFixtureGallery.swift */; };
        82D2FBF515EBD50A9055F9A1 /* FixtureMediaLoader.swift in Sources */ = {isa = PBXBuildFile; fileRef = 924EB302D3A059233716BFFA /* FixtureMediaLoader.swift */; };
        0F57828ED4B363055BF4F1D0 /* FixtureComposerMedia.swift in Sources */ = {isa = PBXBuildFile; fileRef = 69A82FAB012CFF7662FDC47D /* FixtureComposerMedia.swift */; };
        0532E44AD481711F4AAA26E4 /* FixtureDetailMutator.swift in Sources */ = {isa = PBXBuildFile; fileRef = 60834FFCA5C2D9449BDFE3B4 /* FixtureDetailMutator.swift */; };
/* End PBXBuildFile section */

/* Begin PBXFileReference section */
		9A6FC594DDCDDD41C2C7EC6A /* Podkop.app */ = {isa = PBXFileReference; explicitFileType = wrapper.application; includeInIndex = 0; path = Podkop.app; sourceTree = BUILT_PRODUCTS_DIR; };

        42BE2C4B8E164EB58EE39D2C /* PodkopNative.app */ = {isa = PBXFileReference; explicitFileType = wrapper.application; includeInIndex = 0; path = Podkop.app; sourceTree = BUILT_PRODUCTS_DIR; };
        FF61EE37102F46BD95675463 /* PodkopNativeTests.xctest */ = {isa = PBXFileReference; explicitFileType = wrapper.cfbundle; includeInIndex = 0; path = PodkopNativeTests.xctest; sourceTree = BUILT_PRODUCTS_DIR; };
        7B67E2E3D39E49A3A045A6B5 /* PodkopApp.swift */ = {isa = PBXFileReference; lastKnownFileType = sourcecode.swift; path = App/PodkopApp.swift; sourceTree = "<group>"; };
        24D4922734BF474EBB88AF90 /* Navigation.swift */ = {isa = PBXFileReference; lastKnownFileType = sourcecode.swift; path = App/Navigation.swift; sourceTree = "<group>"; };
        83D17579B10E45EC8444FC9D /* AppDependencies.swift */ = {isa = PBXFileReference; lastKnownFileType = sourcecode.swift; path = App/AppDependencies.swift; sourceTree = "<group>"; };
        423E83F24A1242E49BEE23E1 /* ResourcePresentation.swift */ = {isa = PBXFileReference; lastKnownFileType = sourcecode.swift; path = Content/ResourcePresentation.swift; sourceTree = "<group>"; };
        31A61F97DBAC4A839394C803 /* RichContent.swift */ = {isa = PBXFileReference; lastKnownFileType = sourcecode.swift; path = Content/RichContent.swift; sourceTree = "<group>"; };
        4A788E919FFB47A08B7CF9E7 /* ResourceCard.swift */ = {isa = PBXFileReference; lastKnownFileType = sourcecode.swift; path = Content/ResourceCard.swift; sourceTree = "<group>"; };
        2E2F6319C87746BD801CD2FA /* ImageDecoder.swift */ = {isa = PBXFileReference; lastKnownFileType = sourcecode.swift; path = Content/ImageDecoder.swift; sourceTree = "<group>"; };
        0A3566EF05304A548954203F /* PlatformExport.swift */ = {isa = PBXFileReference; lastKnownFileType = sourcecode.swift; path = Platform/PlatformExport.swift; sourceTree = "<group>"; };
        D324238273CB4320AC9F4B6B /* ContentFixtures.swift */ = {isa = PBXFileReference; lastKnownFileType = sourcecode.swift; path = Content/ContentFixtures.swift; sourceTree = "<group>"; };
        EC43FE54DA684D6290309BA2 /* ContentTests.swift */ = {isa = PBXFileReference; lastKnownFileType = sourcecode.swift; path = ContentTests.swift; sourceTree = "<group>"; };
        A55EEA11695A486EA7F8CC12 /* FeedModel.swift */ = {isa = PBXFileReference; lastKnownFileType = sourcecode.swift; path = Features/Feeds/FeedModel.swift; sourceTree = "<group>"; };
        A55EEA11695A486EA7F8CC14 /* FeedView.swift */ = {isa = PBXFileReference; lastKnownFileType = sourcecode.swift; path = Features/Feeds/FeedView.swift; sourceTree = "<group>"; };
        A55EEA11695A486EA7F8CC16 /* FeedTests.swift */ = {isa = PBXFileReference; lastKnownFileType = sourcecode.swift; path = FeedTests.swift; sourceTree = "<group>"; };
        A55EEA11695A486EA7F8CC18 /* ResourceUpdates.swift */ = {isa = PBXFileReference; lastKnownFileType = sourcecode.swift; path = Features/Details/ResourceUpdates.swift; sourceTree = "<group>"; };
        A55EEA11695A486EA7F8CC1A /* DetailModel.swift */ = {isa = PBXFileReference; lastKnownFileType = sourcecode.swift; path = Features/Details/DetailModel.swift; sourceTree = "<group>"; };
        A55EEA11695A486EA7F8CC1C /* DetailView.swift */ = {isa = PBXFileReference; lastKnownFileType = sourcecode.swift; path = Features/Details/DetailView.swift; sourceTree = "<group>"; };
        A55EEA11695A486EA7F8CC1E /* DetailMutations.swift */ = {isa = PBXFileReference; lastKnownFileType = sourcecode.swift; path = Features/Details/DetailMutations.swift; sourceTree = "<group>"; };
        A55EEA11695A486EA7F8CC20 /* ResourceActions.swift */ = {isa = PBXFileReference; lastKnownFileType = sourcecode.swift; path = Features/Details/ResourceActions.swift; sourceTree = "<group>"; };
        A55EEA11695A486EA7F8CC22 /* DetailTests.swift */ = {isa = PBXFileReference; lastKnownFileType = sourcecode.swift; path = DetailTests.swift; sourceTree = "<group>"; };
        A55EEA11695A486EA7F8CC24 /* ComposerModel.swift */ = {isa = PBXFileReference; lastKnownFileType = sourcecode.swift; path = Features/Composer/ComposerModel.swift; sourceTree = "<group>"; };
        A55EEA11695A486EA7F8CC26 /* ComposerView.swift */ = {isa = PBXFileReference; lastKnownFileType = sourcecode.swift; path = Features/Composer/ComposerView.swift; sourceTree = "<group>"; };
        A55EEA11695A486EA7F8CC28 /* ComposerTests.swift */ = {isa = PBXFileReference; lastKnownFileType = sourcecode.swift; path = ComposerTests.swift; sourceTree = "<group>"; };
        A55EEA11695A486EA7F8CC2A /* ComposerMedia.swift */ = {isa = PBXFileReference; lastKnownFileType = sourcecode.swift; path = Features/Composer/ComposerMedia.swift; sourceTree = "<group>"; };
        A55EEA11695A486EA7F8CC2C /* LinkSubmissionModel.swift */ = {isa = PBXFileReference; lastKnownFileType = sourcecode.swift; path = Features/Composer/LinkSubmissionModel.swift; sourceTree = "<group>"; };
        A55EEA11695A486EA7F8CC2E /* LinkSubmissionView.swift */ = {isa = PBXFileReference; lastKnownFileType = sourcecode.swift; path = Features/Composer/LinkSubmissionView.swift; sourceTree = "<group>"; };
        8938F95AE105476FBFAED90F /* BridgeAdapter.swift */ = {isa = PBXFileReference; lastKnownFileType = sourcecode.swift; path = Services/BridgeAdapter.swift; sourceTree = "<group>"; };
        68D56A2BD57647A0AAC55C50 /* BridgeTests.swift */ = {isa = PBXFileReference; lastKnownFileType = sourcecode.swift; path = BridgeTests.swift; sourceTree = "<group>"; };
        BCA90B552E6E419AB9BC1E1F /* NavigationTests.swift */ = {isa = PBXFileReference; lastKnownFileType = sourcecode.swift; path = NavigationTests.swift; sourceTree = "<group>"; };
        BF3C4D3A623A46E4B9518E05 /* ShellUITests.swift */ = {isa = PBXFileReference; lastKnownFileType = sourcecode.swift; path = ShellUITests.swift; sourceTree = "<group>"; };
        F0D99D990D0942B2AA73E349 /* PodkopNativeUITests.xctest */ = {isa = PBXFileReference; explicitFileType = wrapper.cfbundle; includeInIndex = 0; path = PodkopNativeUITests.xctest; sourceTree = BUILT_PRODUCTS_DIR; };
        9A1D77A1EE3A4455926341B6 /* Assets.xcassets */ = {isa = PBXFileReference; lastKnownFileType = folder.assetcatalog; path = iosApp/Assets.xcassets; sourceTree = SOURCE_ROOT; };
        209581F294714C7DB471EEB1 /* Localizable.xcstrings */ = {isa = PBXFileReference; lastKnownFileType = text.json.xcstrings; path = Localizable.xcstrings; sourceTree = "<group>"; };
        8D06BDD538C947C1AEA6865F /* Config.xcconfig */ = {isa = PBXFileReference; lastKnownFileType = text.xcconfig; path = Configuration/Config.xcconfig; sourceTree = SOURCE_ROOT; };

        37D642140D8F3C026C325D3F /* SearchModel.swift */ = {isa = PBXFileReference; lastKnownFileType = sourcecode.swift; path = Features/Search/SearchModel.swift; sourceTree = "<group>"; };
        DDB2E9268513FB939F118457 /* AdvancedSearchModel.swift */ = {isa = PBXFileReference; lastKnownFileType = sourcecode.swift; path = Features/Search/AdvancedSearchModel.swift; sourceTree = "<group>"; };
        07DDF087101742F9F8B0701A /* SearchViews.swift */ = {isa = PBXFileReference; lastKnownFileType = sourcecode.swift; path = Features/Search/SearchViews.swift; sourceTree = "<group>"; };
        8EC61689F6168F07FA3355F1 /* ListPager.swift */ = {isa = PBXFileReference; lastKnownFileType = sourcecode.swift; path = Features/Discovery/ListPager.swift; sourceTree = "<group>"; };
        5D7A728DB634A1326D6CE7FC /* DiscoveryViews.swift */ = {isa = PBXFileReference; lastKnownFileType = sourcecode.swift; path = Features/Discovery/DiscoveryViews.swift; sourceTree = "<group>"; };
        CD515F673384D1A2449DD56C /* CollectionServices.swift */ = {isa = PBXFileReference; lastKnownFileType = sourcecode.swift; path = Features/Discovery/CollectionServices.swift; sourceTree = "<group>"; };
        9A7F23CE2B66563D909ED76E /* CollectionViews.swift */ = {isa = PBXFileReference; lastKnownFileType = sourcecode.swift; path = Features/Discovery/CollectionViews.swift; sourceTree = "<group>"; };
        083B7806FC22238A0EEBE5A8 /* DiscoveryTests.swift */ = {isa = PBXFileReference; lastKnownFileType = sourcecode.swift; path = DiscoveryTests.swift; sourceTree = "<group>"; };
        7807B892B2AE9149DD21D8B1 /* TagModel.swift */ = {isa = PBXFileReference; lastKnownFileType = sourcecode.swift; path = Features/Tag/TagModel.swift; sourceTree = "<group>"; };
        93FE0B35ADB76CD1ED1C0F0D /* TagView.swift */ = {isa = PBXFileReference; lastKnownFileType = sourcecode.swift; path = Features/Tag/TagView.swift; sourceTree = "<group>"; };
        F567245D4267A6D11E66C8AE /* ProfileModel.swift */ = {isa = PBXFileReference; lastKnownFileType = sourcecode.swift; path = Features/Profile/ProfileModel.swift; sourceTree = "<group>"; };
        7A22120C0CD53CDEBF94581A /* ProfileView.swift */ = {isa = PBXFileReference; lastKnownFileType = sourcecode.swift; path = Features/Profile/ProfileView.swift; sourceTree = "<group>"; };
        A302AA41612A8855AE734E3F /* BlacklistsModel.swift */ = {isa = PBXFileReference; lastKnownFileType = sourcecode.swift; path = Features/Blacklists/BlacklistsModel.swift; sourceTree = "<group>"; };
        76CDFAE75B97FCEF92D5AE24 /* BlacklistsView.swift */ = {isa = PBXFileReference; lastKnownFileType = sourcecode.swift; path = Features/Blacklists/BlacklistsView.swift; sourceTree = "<group>"; };
        3193CE591BAB3D4A556B4374 /* AccountTests.swift */ = {isa = PBXFileReference; lastKnownFileType = sourcecode.swift; path = AccountTests.swift; sourceTree = "<group>"; };
        0F986F8B41D0526EBF9DC8C6 /* ComposerAttachment.swift */ = {isa = PBXFileReference; lastKnownFileType = sourcecode.swift; path = Features/Composer/ComposerAttachment.swift; sourceTree = "<group>"; };
        8DE536F3286818219D435811 /* NotificationsModel.swift */ = {isa = PBXFileReference; lastKnownFileType = sourcecode.swift; path = Features/Notifications/NotificationsModel.swift; sourceTree = "<group>"; };
        6509329F5883DD782F94E216 /* NotificationsView.swift */ = {isa = PBXFileReference; lastKnownFileType = sourcecode.swift; path = Features/Notifications/NotificationsView.swift; sourceTree = "<group>"; };
        A3D95F292F6498AC8A2403F9 /* MessagesService.swift */ = {isa = PBXFileReference; lastKnownFileType = sourcecode.swift; path = Features/Messages/MessagesService.swift; sourceTree = "<group>"; };
        19A3A338BD06AE32AFA7E41F /* MessagesModels.swift */ = {isa = PBXFileReference; lastKnownFileType = sourcecode.swift; path = Features/Messages/MessagesModels.swift; sourceTree = "<group>"; };
        A383B801EB7438A37B8E40EA /* MessagesViews.swift */ = {isa = PBXFileReference; lastKnownFileType = sourcecode.swift; path = Features/Messages/MessagesViews.swift; sourceTree = "<group>"; };
        4EF022A0190C85A40A2FFFEC /* MessagingTests.swift */ = {isa = PBXFileReference; lastKnownFileType = sourcecode.swift; path = MessagingTests.swift; sourceTree = "<group>"; };
        03C1E60322E357D3B67DD492 /* Assets.xcassets */ = {isa = PBXFileReference; lastKnownFileType = folder.assetcatalog; path = Assets.xcassets; sourceTree = "<group>"; };
        2AE2C9F6EF61F673D35BC5D0 /* LaunchScreen.storyboard */ = {isa = PBXFileReference; lastKnownFileType = file.storyboard; path = LaunchScreen.storyboard; sourceTree = "<group>"; };
        0E13C8A17FC35BE15659F60B /* SplashView.swift */ = {isa = PBXFileReference; lastKnownFileType = sourcecode.swift; path = App/SplashView.swift; sourceTree = "<group>"; };
        F6BCF51AE0AEDCA2ACC29B64 /* MediaLoader.swift */ = {isa = PBXFileReference; lastKnownFileType = sourcecode.swift; path = Content/MediaLoader.swift; sourceTree = "<group>"; };
        5377743819E6CBF50176B3C1 /* SettingsModel.swift */ = {isa = PBXFileReference; lastKnownFileType = sourcecode.swift; path = Features/Settings/SettingsModel.swift; sourceTree = "<group>"; };
        6C4726BEB4F145EADBD29946 /* SettingsViews.swift */ = {isa = PBXFileReference; lastKnownFileType = sourcecode.swift; path = Features/Settings/SettingsViews.swift; sourceTree = "<group>"; };
        C01275D90F1A36F0047B8733 /* AppRouter.swift */ = {isa = PBXFileReference; lastKnownFileType = sourcecode.swift; path = App/AppRouter.swift; sourceTree = "<group>"; };
        5646698F8D5982C696CCC077 /* LinkIngress.swift */ = {isa = PBXFileReference; lastKnownFileType = sourcecode.swift; path = App/LinkIngress.swift; sourceTree = "<group>"; };
        B7097C627A0052D7F7BCFD64 /* RootView.swift */ = {isa = PBXFileReference; lastKnownFileType = sourcecode.swift; path = App/RootView.swift; sourceTree = "<group>"; };
        E0BB46CA8B72420C10BD1621 /* SceneActivity.swift */ = {isa = PBXFileReference; lastKnownFileType = sourcecode.swift; path = App/SceneActivity.swift; sourceTree = "<group>"; };
        FB67881E1D1B403F7C4E8058 /* SessionModel.swift */ = {isa = PBXFileReference; lastKnownFileType = sourcecode.swift; path = App/SessionModel.swift; sourceTree = "<group>"; };
        965EDC5E389563C1378847F0 /* TabContent.swift */ = {isa = PBXFileReference; lastKnownFileType = sourcecode.swift; path = App/TabContent.swift; sourceTree = "<group>"; };
        5C504485CC426B32658BDADE /* AuthorColor.swift */ = {isa = PBXFileReference; lastKnownFileType = sourcecode.swift; path = Content/AuthorColor.swift; sourceTree = "<group>"; };
        E9AFBDEC9B0D97FF3B11F33D /* EmbedCard.swift */ = {isa = PBXFileReference; lastKnownFileType = sourcecode.swift; path = Content/EmbedCard.swift; sourceTree = "<group>"; };
        ECF2743F9113D807A32FF961 /* ImageViewer.swift */ = {isa = PBXFileReference; lastKnownFileType = sourcecode.swift; path = Content/ImageViewer.swift; sourceTree = "<group>"; };
        19FB60E52D5C036548407292 /* MediaView.swift */ = {isa = PBXFileReference; lastKnownFileType = sourcecode.swift; path = Content/MediaView.swift; sourceTree = "<group>"; };
        7BD12D5853F4370C6AB728B3 /* RichContentView.swift */ = {isa = PBXFileReference; lastKnownFileType = sourcecode.swift; path = Content/RichContentView.swift; sourceTree = "<group>"; };
        07B4C3CDA115A149248E168B /* ScreenshotSurface.swift */ = {isa = PBXFileReference; lastKnownFileType = sourcecode.swift; path = Content/ScreenshotSurface.swift; sourceTree = "<group>"; };
        19685255C6209C429FE4B3EC /* StateView.swift */ = {isa = PBXFileReference; lastKnownFileType = sourcecode.swift; path = Content/StateView.swift; sourceTree = "<group>"; };
        EDD369881FB7FC9DB6713D6B /* SurveyView.swift */ = {isa = PBXFileReference; lastKnownFileType = sourcecode.swift; path = Content/SurveyView.swift; sourceTree = "<group>"; };
        50A7C72F2BCF75F5146C56AF /* ScreenshotPreview.swift */ = {isa = PBXFileReference; lastKnownFileType = sourcecode.swift; path = Features/Details/ScreenshotPreview.swift; sourceTree = "<group>"; };
        F2CA004FE3E1440476F8FDA9 /* FavouritesView.swift */ = {isa = PBXFileReference; lastKnownFileType = sourcecode.swift; path = Features/Discovery/FavouritesView.swift; sourceTree = "<group>"; };
        208A5A773552A7E31EFA19FB /* HitsView.swift */ = {isa = PBXFileReference; lastKnownFileType = sourcecode.swift; path = Features/Discovery/HitsView.swift; sourceTree = "<group>"; };
        B8CC9CD8029B2B6F74367D73 /* ObservedView.swift */ = {isa = PBXFileReference; lastKnownFileType = sourcecode.swift; path = Features/Discovery/ObservedView.swift; sourceTree = "<group>"; };
        A88B1029C1B8B2E64A3FA918 /* RankView.swift */ = {isa = PBXFileReference; lastKnownFileType = sourcecode.swift; path = Features/Discovery/RankView.swift; sourceTree = "<group>"; };
        B782DD56608B7C7018B54074 /* ConversationView.swift */ = {isa = PBXFileReference; lastKnownFileType = sourcecode.swift; path = Features/Messages/ConversationView.swift; sourceTree = "<group>"; };
        2AAFB546B824AEC6A6EB781C /* NewConversationView.swift */ = {isa = PBXFileReference; lastKnownFileType = sourcecode.swift; path = Features/Messages/NewConversationView.swift; sourceTree = "<group>"; };
        8163D83B719AE9EA2E246EE3 /* AdvancedSearchView.swift */ = {isa = PBXFileReference; lastKnownFileType = sourcecode.swift; path = Features/Search/AdvancedSearchView.swift; sourceTree = "<group>"; };
        A72D67A43E5ABCC4BFFA0286 /* AboutView.swift */ = {isa = PBXFileReference; lastKnownFileType = sourcecode.swift; path = Features/Settings/AboutView.swift; sourceTree = "<group>"; };
        77C932ED4D69351B7C1A1731 /* DebugView.swift */ = {isa = PBXFileReference; lastKnownFileType = sourcecode.swift; path = Features/Settings/DebugView.swift; sourceTree = "<group>"; };
        26D66297EFD40A3DF9B0E506 /* ImageExportControls.swift */ = {isa = PBXFileReference; lastKnownFileType = sourcecode.swift; path = Platform/ImageExportControls.swift; sourceTree = "<group>"; };
        436034D30CA1FC84B95D0215 /* SafariView.swift */ = {isa = PBXFileReference; lastKnownFileType = sourcecode.swift; path = Platform/SafariView.swift; sourceTree = "<group>"; };
        0A2C3EB6D43E62DD00167289 /* BlacklistCategoryModel.swift */ = {isa = PBXFileReference; lastKnownFileType = sourcecode.swift; path = Features/Blacklists/BlacklistCategoryModel.swift; sourceTree = "<group>"; };
        3552324D9F1CF8D7E40EC33C /* BlacklistTypes.swift */ = {isa = PBXFileReference; lastKnownFileType = sourcecode.swift; path = Features/Blacklists/BlacklistTypes.swift; sourceTree = "<group>"; };
        606591C38CA79170032D3795 /* BlacklistsService.swift */ = {isa = PBXFileReference; lastKnownFileType = sourcecode.swift; path = Features/Blacklists/BlacklistsService.swift; sourceTree = "<group>"; };
        3B3D8B24905D9704118D950F /* FixtureBlacklistsLoader.swift */ = {isa = PBXFileReference; lastKnownFileType = sourcecode.swift; path = Features/Blacklists/FixtureBlacklistsLoader.swift; sourceTree = "<group>"; };
        CABAD9B4043B763C68A75FF0 /* ComposerService.swift */ = {isa = PBXFileReference; lastKnownFileType = sourcecode.swift; path = Features/Composer/ComposerService.swift; sourceTree = "<group>"; };
        434718FDB08F6115B4494B3E /* FixtureComposerSubmitter.swift */ = {isa = PBXFileReference; lastKnownFileType = sourcecode.swift; path = Features/Composer/FixtureComposerSubmitter.swift; sourceTree = "<group>"; };
        956CFF037AD712305AB50E00 /* FixtureLinkDrafting.swift */ = {isa = PBXFileReference; lastKnownFileType = sourcecode.swift; path = Features/Composer/FixtureLinkDrafting.swift; sourceTree = "<group>"; };
        BC47DA508C8F53BD3C9C1631 /* LinkDraftTypes.swift */ = {isa = PBXFileReference; lastKnownFileType = sourcecode.swift; path = Features/Composer/LinkDraftTypes.swift; sourceTree = "<group>"; };
        C8A1CFC3A07F9AFDE18A33B6 /* DetailService.swift */ = {isa = PBXFileReference; lastKnownFileType = sourcecode.swift; path = Features/Details/DetailService.swift; sourceTree = "<group>"; };
        EA026DA78F084DCEFABFE8E9 /* FixtureDetailLoader.swift */ = {isa = PBXFileReference; lastKnownFileType = sourcecode.swift; path = Features/Details/FixtureDetailLoader.swift; sourceTree = "<group>"; };
        595C400187939FBB5ED2EBEC /* CollectionReconciliation.swift */ = {isa = PBXFileReference; lastKnownFileType = sourcecode.swift; path = Features/Discovery/CollectionReconciliation.swift; sourceTree = "<group>"; };
        F74D094F7123F472B8B08A0F /* FavouritesModel.swift */ = {isa = PBXFileReference; lastKnownFileType = sourcecode.swift; path = Features/Discovery/FavouritesModel.swift; sourceTree = "<group>"; };
        713B361887C182EB3EA02F8E /* HitsModel.swift */ = {isa = PBXFileReference; lastKnownFileType = sourcecode.swift; path = Features/Discovery/HitsModel.swift; sourceTree = "<group>"; };
        AC9CFB33A41864AEE94E9BC6 /* ObservedModel.swift */ = {isa = PBXFileReference; lastKnownFileType = sourcecode.swift; path = Features/Discovery/ObservedModel.swift; sourceTree = "<group>"; };
        BA990ED56BE6BE4EFE3E2BEB /* RankModel.swift */ = {isa = PBXFileReference; lastKnownFileType = sourcecode.swift; path = Features/Discovery/RankModel.swift; sourceTree = "<group>"; };
        38F15106DEA0366A4DBE2CF7 /* FeedTypes.swift */ = {isa = PBXFileReference; lastKnownFileType = sourcecode.swift; path = Features/Feeds/FeedTypes.swift; sourceTree = "<group>"; };
        19D559C1C9FF6EDCA854D6CB /* FixtureFeedLoader.swift */ = {isa = PBXFileReference; lastKnownFileType = sourcecode.swift; path = Features/Feeds/FixtureFeedLoader.swift; sourceTree = "<group>"; };
        DFD81856D4702BEFBD0548E0 /* ConversationModel.swift */ = {isa = PBXFileReference; lastKnownFileType = sourcecode.swift; path = Features/Messages/ConversationModel.swift; sourceTree = "<group>"; };
        93CE7173DE9002064997D88B /* NewConversationModel.swift */ = {isa = PBXFileReference; lastKnownFileType = sourcecode.swift; path = Features/Messages/NewConversationModel.swift; sourceTree = "<group>"; };
        859FA40587102FDE59595C53 /* FixtureNotificationsLoader.swift */ = {isa = PBXFileReference; lastKnownFileType = sourcecode.swift; path = Features/Notifications/FixtureNotificationsLoader.swift; sourceTree = "<group>"; };
        620A3EBF813BAF13CAD43653 /* NotificationTypes.swift */ = {isa = PBXFileReference; lastKnownFileType = sourcecode.swift; path = Features/Notifications/NotificationTypes.swift; sourceTree = "<group>"; };
        58DD555BC98ED43754B75A6F /* FixtureProfileLoader.swift */ = {isa = PBXFileReference; lastKnownFileType = sourcecode.swift; path = Features/Profile/FixtureProfileLoader.swift; sourceTree = "<group>"; };
        324D96E2D551315E86594040 /* ProfileTypes.swift */ = {isa = PBXFileReference; lastKnownFileType = sourcecode.swift; path = Features/Profile/ProfileTypes.swift; sourceTree = "<group>"; };
        D4F21A870DF4BDC5EBC2088D /* StringNonEmpty.swift */ = {isa = PBXFileReference; lastKnownFileType = sourcecode.swift; path = Features/Profile/StringNonEmpty.swift; sourceTree = "<group>"; };
        2B1D5827685F930D888E269A /* AdvancedSearchTypes.swift */ = {isa = PBXFileReference; lastKnownFileType = sourcecode.swift; path = Features/Search/AdvancedSearchTypes.swift; sourceTree = "<group>"; };
        3849744C25106D62E267ADBD /* FixtureAdvancedSearching.swift */ = {isa = PBXFileReference; lastKnownFileType = sourcecode.swift; path = Features/Search/FixtureAdvancedSearching.swift; sourceTree = "<group>"; };
        0C6AC17E0D3DFA2536B1143F /* FixtureSearchSuggesting.swift */ = {isa = PBXFileReference; lastKnownFileType = sourcecode.swift; path = Features/Search/FixtureSearchSuggesting.swift; sourceTree = "<group>"; };
        1D2787F435F03FF755FB7F8C /* SearchTypes.swift */ = {isa = PBXFileReference; lastKnownFileType = sourcecode.swift; path = Features/Search/SearchTypes.swift; sourceTree = "<group>"; };
        B2E9E8BF183335FABB27E0DD /* AppBuild.swift */ = {isa = PBXFileReference; lastKnownFileType = sourcecode.swift; path = Features/Settings/AppBuild.swift; sourceTree = "<group>"; };
        C321088D9DD2BDE81AA105D2 /* SettingsService.swift */ = {isa = PBXFileReference; lastKnownFileType = sourcecode.swift; path = Features/Settings/SettingsService.swift; sourceTree = "<group>"; };
        4CFF8B9A4B68EF7BA40D8D10 /* SettingsTypes.swift */ = {isa = PBXFileReference; lastKnownFileType = sourcecode.swift; path = Features/Settings/SettingsTypes.swift; sourceTree = "<group>"; };
        BCDCFFCD7F080D8ACFBB042D /* FixtureTagLoader.swift */ = {isa = PBXFileReference; lastKnownFileType = sourcecode.swift; path = Features/Tag/FixtureTagLoader.swift; sourceTree = "<group>"; };
        A179A43B21EC2D7B7E20ED1A /* TagTypes.swift */ = {isa = PBXFileReference; lastKnownFileType = sourcecode.swift; path = Features/Tag/TagTypes.swift; sourceTree = "<group>"; };
        6B17B778E2731FB753DD7A70 /* RemoteImage.swift */ = {isa = PBXFileReference; lastKnownFileType = sourcecode.swift; path = Content/RemoteImage.swift; sourceTree = "<group>"; };
        87889F2ECA1C9D07B525C694 /* ComposerAttachmentControls.swift */ = {isa = PBXFileReference; lastKnownFileType = sourcecode.swift; path = Features/Composer/ComposerAttachmentControls.swift; sourceTree = "<group>"; };
        EAF06FCFB0AF193403C60FBF /* ComposerTarget.swift */ = {isa = PBXFileReference; lastKnownFileType = sourcecode.swift; path = Features/Composer/ComposerTarget.swift; sourceTree = "<group>"; };
        05B8A26F45427D15738FB2BC /* LinkDraftService.swift */ = {isa = PBXFileReference; lastKnownFileType = sourcecode.swift; path = Features/Composer/LinkDraftService.swift; sourceTree = "<group>"; };
        D099F343000268688FB51248 /* CollectionTypes.swift */ = {isa = PBXFileReference; lastKnownFileType = sourcecode.swift; path = Features/Discovery/CollectionTypes.swift; sourceTree = "<group>"; };
        7D7281F7F07FAA2D3FE52451 /* FixtureCollectionLoader.swift */ = {isa = PBXFileReference; lastKnownFileType = sourcecode.swift; path = Features/Discovery/FixtureCollectionLoader.swift; sourceTree = "<group>"; };
        4D7D060A8DF1FDBA8C4C64C0 /* FeedService.swift */ = {isa = PBXFileReference; lastKnownFileType = sourcecode.swift; path = Features/Feeds/FeedService.swift; sourceTree = "<group>"; };
        999EB04E9680779AB5AF428D /* FixtureMessagesLoader.swift */ = {isa = PBXFileReference; lastKnownFileType = sourcecode.swift; path = Features/Messages/FixtureMessagesLoader.swift; sourceTree = "<group>"; };
        400B9B418FBD928727307129 /* MessageTypes.swift */ = {isa = PBXFileReference; lastKnownFileType = sourcecode.swift; path = Features/Messages/MessageTypes.swift; sourceTree = "<group>"; };
        E1803020A78390C6E5BB87AC /* NotificationsService.swift */ = {isa = PBXFileReference; lastKnownFileType = sourcecode.swift; path = Features/Notifications/NotificationsService.swift; sourceTree = "<group>"; };
        875DAFE057CAE6895E02FFF0 /* ProfileService.swift */ = {isa = PBXFileReference; lastKnownFileType = sourcecode.swift; path = Features/Profile/ProfileService.swift; sourceTree = "<group>"; };
        E0CA9F2EE95987DCB36DB56F /* AdvancedSearchService.swift */ = {isa = PBXFileReference; lastKnownFileType = sourcecode.swift; path = Features/Search/AdvancedSearchService.swift; sourceTree = "<group>"; };
        64734D9ECB51891F4E052804 /* SearchService.swift */ = {isa = PBXFileReference; lastKnownFileType = sourcecode.swift; path = Features/Search/SearchService.swift; sourceTree = "<group>"; };
        15860041FAC0BA68C5327FE7 /* TagService.swift */ = {isa = PBXFileReference; lastKnownFileType = sourcecode.swift; path = Features/Tag/TagService.swift; sourceTree = "<group>"; };
        AB17435ADF08196F3955B99D /* ContentTokens.swift */ = {isa = PBXFileReference; lastKnownFileType = sourcecode.swift; path = Content/ContentTokens.swift; sourceTree = "<group>"; };
        9BEB8F1D0AA0582D06EC64B9 /* FixtureVoterLoader.swift */ = {isa = PBXFileReference; lastKnownFileType = sourcecode.swift; path = Features/Details/FixtureVoterLoader.swift; sourceTree = "<group>"; };
        CDC02591656FDF18F84237FE /* ResourceLinkBuilder.swift */ = {isa = PBXFileReference; lastKnownFileType = sourcecode.swift; path = Features/Details/ResourceLinkBuilder.swift; sourceTree = "<group>"; };
        0996F54763E33F24EF06EE45 /* VoterModel.swift */ = {isa = PBXFileReference; lastKnownFileType = sourcecode.swift; path = Features/Details/VoterModel.swift; sourceTree = "<group>"; };
        78FD9E51132A4FDE802C96D6 /* VoterService.swift */ = {isa = PBXFileReference; lastKnownFileType = sourcecode.swift; path = Features/Details/VoterService.swift; sourceTree = "<group>"; };
        5E961E5FEF0AC6EAE40A0F2C /* VoterTarget.swift */ = {isa = PBXFileReference; lastKnownFileType = sourcecode.swift; path = Features/Details/VoterTarget.swift; sourceTree = "<group>"; };
        C82804522863635493344132 /* VoterTypes.swift */ = {isa = PBXFileReference; lastKnownFileType = sourcecode.swift; path = Features/Details/VoterTypes.swift; sourceTree = "<group>"; };
        4151F15750BF2889D4D54214 /* VotersView.swift */ = {isa = PBXFileReference; lastKnownFileType = sourcecode.swift; path = Features/Details/VotersView.swift; sourceTree = "<group>"; };
        B324942D8D053FC85E9998B8 /* HexColor.swift */ = {isa = PBXFileReference; lastKnownFileType = sourcecode.swift; path = Features/Profile/HexColor.swift; sourceTree = "<group>"; };
        0D34386E8F18A5AB7040226D /* FixtureSettingsService.swift */ = {isa = PBXFileReference; lastKnownFileType = sourcecode.swift; path = Features/Settings/FixtureSettingsService.swift; sourceTree = "<group>"; };
        4C57EFFC1B3F35DD051C2B45 /* ResourceCardActions.swift */ = {isa = PBXFileReference; lastKnownFileType = sourcecode.swift; path = Content/ResourceCardActions.swift; sourceTree = "<group>"; };
        67D78618C2687344ED61AA89 /* ContentFixtureGallery.swift */ = {isa = PBXFileReference; lastKnownFileType = sourcecode.swift; path = Content/ContentFixtureGallery.swift; sourceTree = "<group>"; };
        924EB302D3A059233716BFFA /* FixtureMediaLoader.swift */ = {isa = PBXFileReference; lastKnownFileType = sourcecode.swift; path = Content/FixtureMediaLoader.swift; sourceTree = "<group>"; };
        69A82FAB012CFF7662FDC47D /* FixtureComposerMedia.swift */ = {isa = PBXFileReference; lastKnownFileType = sourcecode.swift; path = Features/Composer/FixtureComposerMedia.swift; sourceTree = "<group>"; };
        60834FFCA5C2D9449BDFE3B4 /* FixtureDetailMutator.swift */ = {isa = PBXFileReference; lastKnownFileType = sourcecode.swift; path = Features/Details/FixtureDetailMutator.swift; sourceTree = "<group>"; };
/* End PBXFileReference section */

/* Begin PBXFileSystemSynchronizedBuildFileExceptionSet section */
		3EE29280E282B4738C9564A5 /* Exceptions for "iosApp" folder in "iosApp" target */ = {
			isa = PBXFileSystemSynchronizedBuildFileExceptionSet;
			membershipExceptions = (
				Info.plist,
			);
			target = 506B98A03DA423371A6299ED /* iosApp */;
		};
/* End PBXFileSystemSynchronizedBuildFileExceptionSet section */

/* Begin PBXFileSystemSynchronizedRootGroup section */
		8F47E8230FE21A54F4867A28 /* Configuration */ = {
			isa = PBXFileSystemSynchronizedRootGroup;
			path = Configuration;
			sourceTree = "<group>";
		};
		B4ED8A67DF565EECC27A5944 /* iosApp */ = {
			isa = PBXFileSystemSynchronizedRootGroup;
			exceptions = (
				3EE29280E282B4738C9564A5 /* Exceptions for "iosApp" folder in "iosApp" target */,
			);
			path = iosApp;
			sourceTree = "<group>";
		};
/* End PBXFileSystemSynchronizedRootGroup section */

/* Begin PBXFrameworksBuildPhase section */
		A83936DAD156347F29C2E721 /* Frameworks */ = {
			isa = PBXFrameworksBuildPhase;
			buildActionMask = 2147483647;
			files = (
			);
			runOnlyForDeploymentPostprocessing = 0;
		};

        29E83668E36743EA9924DD1A /* Frameworks */ = {isa = PBXFrameworksBuildPhase; buildActionMask = 2147483647; files = (); runOnlyForDeploymentPostprocessing = 0; };
        4CE2FE1D6BAB4C1E8DD8906B /* Frameworks */ = {isa = PBXFrameworksBuildPhase; buildActionMask = 2147483647; files = (); runOnlyForDeploymentPostprocessing = 0; };
        A8D894A6201645A4AFF0618F /* Frameworks */ = {isa = PBXFrameworksBuildPhase; buildActionMask = 2147483647; files = (); runOnlyForDeploymentPostprocessing = 0; };

/* End PBXFrameworksBuildPhase section */

/* Begin PBXGroup section */
		6DAA46080285CB2317AA9193 = {
			isa = PBXGroup;
			children = (
				8F47E8230FE21A54F4867A28 /* Configuration */,
				B4ED8A67DF565EECC27A5944 /* iosApp */,
				41370817FA524246A45B23AF /* Native */,
				FE5C1FC6E0CD4AFAA32FB958 /* NativeTests */,
				4EAA0D5A89C340D890F18B57 /* NativeUITests */,
				9A1D77A1EE3A4455926341B6 /* Assets.xcassets */,
				8D06BDD538C947C1AEA6865F /* Config.xcconfig */,
				AD66322D4D348E8E3A9FA20D /* Products */,
			);
			sourceTree = "<group>";
		};
		AD66322D4D348E8E3A9FA20D /* Products */ = {
			isa = PBXGroup;
			children = (
				9A6FC594DDCDDD41C2C7EC6A /* Podkop.app */,
				42BE2C4B8E164EB58EE39D2C /* PodkopNative.app */,
				FF61EE37102F46BD95675463 /* PodkopNativeTests.xctest */,
				F0D99D990D0942B2AA73E349 /* PodkopNativeUITests.xctest */,
			);
			name = Products;
			sourceTree = "<group>";
		};

        41370817FA524246A45B23AF /* Native */ = {isa = PBXGroup; children = (67D78618C2687344ED61AA89 /* ContentFixtureGallery.swift */, 924EB302D3A059233716BFFA /* FixtureMediaLoader.swift */, 69A82FAB012CFF7662FDC47D /* FixtureComposerMedia.swift */, 60834FFCA5C2D9449BDFE3B4 /* FixtureDetailMutator.swift */, 4C57EFFC1B3F35DD051C2B45 /* ResourceCardActions.swift */, AB17435ADF08196F3955B99D /* ContentTokens.swift */, 9BEB8F1D0AA0582D06EC64B9 /* FixtureVoterLoader.swift */, CDC02591656FDF18F84237FE /* ResourceLinkBuilder.swift */, 0996F54763E33F24EF06EE45 /* VoterModel.swift */, 78FD9E51132A4FDE802C96D6 /* VoterService.swift */, 5E961E5FEF0AC6EAE40A0F2C /* VoterTarget.swift */, C82804522863635493344132 /* VoterTypes.swift */, 4151F15750BF2889D4D54214 /* VotersView.swift */, B324942D8D053FC85E9998B8 /* HexColor.swift */, 0D34386E8F18A5AB7040226D /* FixtureSettingsService.swift */, 6B17B778E2731FB753DD7A70 /* RemoteImage.swift */, 87889F2ECA1C9D07B525C694 /* ComposerAttachmentControls.swift */, EAF06FCFB0AF193403C60FBF /* ComposerTarget.swift */, 05B8A26F45427D15738FB2BC /* LinkDraftService.swift */, D099F343000268688FB51248 /* CollectionTypes.swift */, 7D7281F7F07FAA2D3FE52451 /* FixtureCollectionLoader.swift */, 4D7D060A8DF1FDBA8C4C64C0 /* FeedService.swift */, 999EB04E9680779AB5AF428D /* FixtureMessagesLoader.swift */, 400B9B418FBD928727307129 /* MessageTypes.swift */, E1803020A78390C6E5BB87AC /* NotificationsService.swift */, 875DAFE057CAE6895E02FFF0 /* ProfileService.swift */, E0CA9F2EE95987DCB36DB56F /* AdvancedSearchService.swift */, 64734D9ECB51891F4E052804 /* SearchService.swift */, 15860041FAC0BA68C5327FE7 /* TagService.swift */, 0A2C3EB6D43E62DD00167289 /* BlacklistCategoryModel.swift */, 3552324D9F1CF8D7E40EC33C /* BlacklistTypes.swift */, 606591C38CA79170032D3795 /* BlacklistsService.swift */, 3B3D8B24905D9704118D950F /* FixtureBlacklistsLoader.swift */, CABAD9B4043B763C68A75FF0 /* ComposerService.swift */, 434718FDB08F6115B4494B3E /* FixtureComposerSubmitter.swift */, 956CFF037AD712305AB50E00 /* FixtureLinkDrafting.swift */, BC47DA508C8F53BD3C9C1631 /* LinkDraftTypes.swift */, C8A1CFC3A07F9AFDE18A33B6 /* DetailService.swift */, EA026DA78F084DCEFABFE8E9 /* FixtureDetailLoader.swift */, 595C400187939FBB5ED2EBEC /* CollectionReconciliation.swift */, F74D094F7123F472B8B08A0F /* FavouritesModel.swift */, 713B361887C182EB3EA02F8E /* HitsModel.swift */, AC9CFB33A41864AEE94E9BC6 /* ObservedModel.swift */, BA990ED56BE6BE4EFE3E2BEB /* RankModel.swift */, 38F15106DEA0366A4DBE2CF7 /* FeedTypes.swift */, 19D559C1C9FF6EDCA854D6CB /* FixtureFeedLoader.swift */, DFD81856D4702BEFBD0548E0 /* ConversationModel.swift */, 93CE7173DE9002064997D88B /* NewConversationModel.swift */, 859FA40587102FDE59595C53 /* FixtureNotificationsLoader.swift */, 620A3EBF813BAF13CAD43653 /* NotificationTypes.swift */, 58DD555BC98ED43754B75A6F /* FixtureProfileLoader.swift */, 324D96E2D551315E86594040 /* ProfileTypes.swift */, D4F21A870DF4BDC5EBC2088D /* StringNonEmpty.swift */, 2B1D5827685F930D888E269A /* AdvancedSearchTypes.swift */, 3849744C25106D62E267ADBD /* FixtureAdvancedSearching.swift */, 0C6AC17E0D3DFA2536B1143F /* FixtureSearchSuggesting.swift */, 1D2787F435F03FF755FB7F8C /* SearchTypes.swift */, B2E9E8BF183335FABB27E0DD /* AppBuild.swift */, C321088D9DD2BDE81AA105D2 /* SettingsService.swift */, 4CFF8B9A4B68EF7BA40D8D10 /* SettingsTypes.swift */, BCDCFFCD7F080D8ACFBB042D /* FixtureTagLoader.swift */, A179A43B21EC2D7B7E20ED1A /* TagTypes.swift */, 436034D30CA1FC84B95D0215 /* SafariView.swift */, 5C504485CC426B32658BDADE /* AuthorColor.swift */, E9AFBDEC9B0D97FF3B11F33D /* EmbedCard.swift */, ECF2743F9113D807A32FF961 /* ImageViewer.swift */, 19FB60E52D5C036548407292 /* MediaView.swift */, 7BD12D5853F4370C6AB728B3 /* RichContentView.swift */, 07B4C3CDA115A149248E168B /* ScreenshotSurface.swift */, 19685255C6209C429FE4B3EC /* StateView.swift */, EDD369881FB7FC9DB6713D6B /* SurveyView.swift */, 50A7C72F2BCF75F5146C56AF /* ScreenshotPreview.swift */, F2CA004FE3E1440476F8FDA9 /* FavouritesView.swift */, 208A5A773552A7E31EFA19FB /* HitsView.swift */, B8CC9CD8029B2B6F74367D73 /* ObservedView.swift */, A88B1029C1B8B2E64A3FA918 /* RankView.swift */, B782DD56608B7C7018B54074 /* ConversationView.swift */, 2AAFB546B824AEC6A6EB781C /* NewConversationView.swift */, 8163D83B719AE9EA2E246EE3 /* AdvancedSearchView.swift */, A72D67A43E5ABCC4BFFA0286 /* AboutView.swift */, 77C932ED4D69351B7C1A1731 /* DebugView.swift */, 26D66297EFD40A3DF9B0E506 /* ImageExportControls.swift */, C01275D90F1A36F0047B8733 /* AppRouter.swift */, 5646698F8D5982C696CCC077 /* LinkIngress.swift */, B7097C627A0052D7F7BCFD64 /* RootView.swift */, E0BB46CA8B72420C10BD1621 /* SceneActivity.swift */, FB67881E1D1B403F7C4E8058 /* SessionModel.swift */, 965EDC5E389563C1378847F0 /* TabContent.swift */, 0A3566EF05304A548954203F /* PlatformExport.swift */, 6C4726BEB4F145EADBD29946 /* SettingsViews.swift */, 5377743819E6CBF50176B3C1 /* SettingsModel.swift */, F6BCF51AE0AEDCA2ACC29B64 /* MediaLoader.swift */, 0E13C8A17FC35BE15659F60B /* SplashView.swift */, 2AE2C9F6EF61F673D35BC5D0 /* LaunchScreen.storyboard */, 03C1E60322E357D3B67DD492 /* Assets.xcassets */, A383B801EB7438A37B8E40EA /* MessagesViews.swift */, 19A3A338BD06AE32AFA7E41F /* MessagesModels.swift */, A3D95F292F6498AC8A2403F9 /* MessagesService.swift */, 6509329F5883DD782F94E216 /* NotificationsView.swift */, 8DE536F3286818219D435811 /* NotificationsModel.swift */, 0F986F8B41D0526EBF9DC8C6 /* ComposerAttachment.swift */, 76CDFAE75B97FCEF92D5AE24 /* BlacklistsView.swift */, A302AA41612A8855AE734E3F /* BlacklistsModel.swift */, 7A22120C0CD53CDEBF94581A /* ProfileView.swift */, F567245D4267A6D11E66C8AE /* ProfileModel.swift */, 93FE0B35ADB76CD1ED1C0F0D /* TagView.swift */, 7807B892B2AE9149DD21D8B1 /* TagModel.swift */, 9A7F23CE2B66563D909ED76E /* CollectionViews.swift */, CD515F673384D1A2449DD56C /* CollectionServices.swift */, 5D7A728DB634A1326D6CE7FC /* DiscoveryViews.swift */, 8EC61689F6168F07FA3355F1 /* ListPager.swift */, 07DDF087101742F9F8B0701A /* SearchViews.swift */, DDB2E9268513FB939F118457 /* AdvancedSearchModel.swift */, 37D642140D8F3C026C325D3F /* SearchModel.swift */, 7B67E2E3D39E49A3A045A6B5 /* PodkopApp.swift */, 24D4922734BF474EBB88AF90 /* Navigation.swift */, 83D17579B10E45EC8444FC9D /* AppDependencies.swift */, 423E83F24A1242E49BEE23E1 /* ResourcePresentation.swift */, 31A61F97DBAC4A839394C803 /* RichContent.swift */, 4A788E919FFB47A08B7CF9E7 /* ResourceCard.swift */, 2E2F6319C87746BD801CD2FA /* ImageDecoder.swift */, D324238273CB4320AC9F4B6B /* ContentFixtures.swift */, A55EEA11695A486EA7F8CC12 /* FeedModel.swift */, A55EEA11695A486EA7F8CC14 /* FeedView.swift */, A55EEA11695A486EA7F8CC18 /* ResourceUpdates.swift */, A55EEA11695A486EA7F8CC1A /* DetailModel.swift */, A55EEA11695A486EA7F8CC1C /* DetailView.swift */, A55EEA11695A486EA7F8CC1E /* DetailMutations.swift */, A55EEA11695A486EA7F8CC20 /* ResourceActions.swift */, A55EEA11695A486EA7F8CC24 /* ComposerModel.swift */, A55EEA11695A486EA7F8CC26 /* ComposerView.swift */, A55EEA11695A486EA7F8CC2A /* ComposerMedia.swift */, A55EEA11695A486EA7F8CC2C /* LinkSubmissionModel.swift */, A55EEA11695A486EA7F8CC2E /* LinkSubmissionView.swift */, 8938F95AE105476FBFAED90F /* BridgeAdapter.swift */, 209581F294714C7DB471EEB1 /* Localizable.xcstrings */); path = Native; sourceTree = "<group>"; };
        FE5C1FC6E0CD4AFAA32FB958 /* NativeTests */ = {isa = PBXGroup; children = (4EF022A0190C85A40A2FFFEC /* MessagingTests.swift */, 3193CE591BAB3D4A556B4374 /* AccountTests.swift */, 083B7806FC22238A0EEBE5A8 /* DiscoveryTests.swift */, 68D56A2BD57647A0AAC55C50 /* BridgeTests.swift */, BCA90B552E6E419AB9BC1E1F /* NavigationTests.swift */, EC43FE54DA684D6290309BA2 /* ContentTests.swift */, A55EEA11695A486EA7F8CC16 /* FeedTests.swift */, A55EEA11695A486EA7F8CC22 /* DetailTests.swift */, A55EEA11695A486EA7F8CC28 /* ComposerTests.swift */); path = NativeTests; sourceTree = "<group>"; };
        4EAA0D5A89C340D890F18B57 /* NativeUITests */ = {isa = PBXGroup; children = (BF3C4D3A623A46E4B9518E05 /* ShellUITests.swift */); path = NativeUITests; sourceTree = "<group>"; };

/* End PBXGroup section */

/* Begin PBXNativeTarget section */
		506B98A03DA423371A6299ED /* iosApp */ = {
			isa = PBXNativeTarget;
			buildConfigurationList = 39C2238F0983C5CD557B2B0E /* Build configuration list for PBXNativeTarget "iosApp" */;
			buildPhases = (
				C4C033263E1E620401722251 /* Compile Kotlin Framework */,
				017AAA60DD404BFECA2A693F /* Sources */,
				A83936DAD156347F29C2E721 /* Frameworks */,
				76B37695461288501FA456AF /* Resources */,
			);
			buildRules = (
			);
			dependencies = (
			);
			fileSystemSynchronizedGroups = (
				B4ED8A67DF565EECC27A5944 /* iosApp */,
			);
			name = iosApp;
			packageProductDependencies = (
			);
			productName = iosApp;
			productReference = 9A6FC594DDCDDD41C2C7EC6A /* Podkop.app */;
			productType = "com.apple.product-type.application";
		};

        FE9DDBCC85BF464D8A9E1499 /* PodkopNative */ = {
            isa = PBXNativeTarget;
            buildConfigurationList = 1A866AB58EB545F1847DCB4A /* Build configuration list for PBXNativeTarget "PodkopNative" */;
            buildPhases = (4325B37962A34626AD78A8AD /* Compile PodkopShared */, 2A8CE1E60CC94E4CA9963C38 /* Sources */, 29E83668E36743EA9924DD1A /* Frameworks */, C86FDA9CDD5C4A7B9A883907 /* Resources */);
            buildRules = ();
            dependencies = ();
            name = PodkopNative;
            productName = Podkop;
            productReference = 42BE2C4B8E164EB58EE39D2C /* PodkopNative.app */;
            productType = "com.apple.product-type.application";
        };
        77E4A4C544EB4E7BABB16189 /* PodkopNativeTests */ = {
            isa = PBXNativeTarget;
            buildConfigurationList = 502C8F3EAF804592A997AC2F /* Build configuration list for PBXNativeTarget "PodkopNativeTests" */;
            buildPhases = (830BBEA643AC4253B8C6086A /* Sources */, 4CE2FE1D6BAB4C1E8DD8906B /* Frameworks */, 16914481027745E893E4AFA8 /* Resources */);
            buildRules = ();
            dependencies = (13D93BC1CEBA429CB74F58A8 /* PBXTargetDependency */);
            name = PodkopNativeTests;
            productName = PodkopNativeTests;
            productReference = FF61EE37102F46BD95675463 /* PodkopNativeTests.xctest */;
            productType = "com.apple.product-type.bundle.unit-test";
        };
        C6B7DC2B00CD4C8F9B659F4F /* PodkopNativeUITests */ = {
            isa = PBXNativeTarget;
            buildConfigurationList = 0612759F424D493C9269F4BC /* Build configuration list for PBXNativeTarget "PodkopNativeUITests" */;
            buildPhases = (19AD0EE6EDC543D793058849 /* Sources */, A8D894A6201645A4AFF0618F /* Frameworks */, BDECE971E824433C90DEBE14 /* Resources */);
            buildRules = ();
            dependencies = (D0988721251F4F5DB6DB58E7 /* PBXTargetDependency */);
            name = PodkopNativeUITests;
            productName = PodkopNativeUITests;
            productReference = F0D99D990D0942B2AA73E349 /* PodkopNativeUITests.xctest */;
            productType = "com.apple.product-type.bundle.ui-testing";
        };

/* End PBXNativeTarget section */

/* Begin PBXProject section */
		BA9D32A715B2F10824809DBD /* Project object */ = {
			isa = PBXProject;
			attributes = {
				BuildIndependentTargetsInParallel = 1;
				LastSwiftUpdateCheck = 1620;
				LastUpgradeCheck = 1620;
				TargetAttributes = {
					506B98A03DA423371A6299ED = {
						CreatedOnToolsVersion = 16.2;
					};
					FE9DDBCC85BF464D8A9E1499 = { CreatedOnToolsVersion = 27.0; };
				77E4A4C544EB4E7BABB16189 = { CreatedOnToolsVersion = 27.0; TestTargetID = FE9DDBCC85BF464D8A9E1499; };
				C6B7DC2B00CD4C8F9B659F4F = { CreatedOnToolsVersion = 27.0; TestTargetID = FE9DDBCC85BF464D8A9E1499; };
				};
			};
			buildConfigurationList = 3F2C799EBCE6A9A764DDFE89 /* Build configuration list for PBXProject "iosApp" */;
			developmentRegion = en;
			hasScannedForEncodings = 0;
			knownRegions = (
				en,
				Base,
			);
			mainGroup = 6DAA46080285CB2317AA9193;
			minimizedProjectReferenceProxies = 1;
			preferredProjectObjectVersion = 77;
			productRefGroup = AD66322D4D348E8E3A9FA20D /* Products */;
			projectDirPath = "";
			projectRoot = "";
			targets = (
				506B98A03DA423371A6299ED /* iosApp */,
				FE9DDBCC85BF464D8A9E1499 /* PodkopNative */,
				77E4A4C544EB4E7BABB16189 /* PodkopNativeTests */,
				C6B7DC2B00CD4C8F9B659F4F /* PodkopNativeUITests */,
			);
		};
/* End PBXProject section */

/* Begin PBXResourcesBuildPhase section */
		76B37695461288501FA456AF /* Resources */ = {
			isa = PBXResourcesBuildPhase;
			buildActionMask = 2147483647;
			files = (
			);
			runOnlyForDeploymentPostprocessing = 0;
		};

        C86FDA9CDD5C4A7B9A883907 /* Resources */ = {isa = PBXResourcesBuildPhase; buildActionMask = 2147483647; files = (76FD32DE44B14626F1927AF5 /* LaunchScreen.storyboard in Resources */, 04DE9B7D13DE93A26B4E5ADF /* Assets.xcassets in Resources */, 0D91B5B012E34DDF9850C07F /* Assets.xcassets in Resources */, B45D929D657D42B28C07A0F2 /* Localizable.xcstrings in Resources */); runOnlyForDeploymentPostprocessing = 0; };
        16914481027745E893E4AFA8 /* Resources */ = {isa = PBXResourcesBuildPhase; buildActionMask = 2147483647; files = (); runOnlyForDeploymentPostprocessing = 0; };
        BDECE971E824433C90DEBE14 /* Resources */ = {isa = PBXResourcesBuildPhase; buildActionMask = 2147483647; files = (); runOnlyForDeploymentPostprocessing = 0; };

/* End PBXResourcesBuildPhase section */

/* Begin PBXShellScriptBuildPhase section */
		C4C033263E1E620401722251 /* Compile Kotlin Framework */ = {
			isa = PBXShellScriptBuildPhase;
			alwaysOutOfDate = 1;
			buildActionMask = 2147483647;
			files = (
			);
			inputFileListPaths = (
			);
			inputPaths = (
			);
			name = "Compile Kotlin Framework";
			outputFileListPaths = (
			);
			outputPaths = (
			);
			runOnlyForDeploymentPostprocessing = 0;
			shellPath = /bin/sh;
			shellScript = "if [ \"YES\" = \"$OVERRIDE_KOTLIN_BUILD_IDE_SUPPORTED\" ]; then\n  echo \"Skipping Gradle build task invocation due to OVERRIDE_KOTLIN_BUILD_IDE_SUPPORTED environment variable set to \\\"YES\\\"\"\n  exit 0\nfi\ncd \"$SRCROOT/..\"\n./gradlew :composeApp:embedAndSignAppleFrameworkForXcode\n";
		};

        4325B37962A34626AD78A8AD /* Compile PodkopShared */ = {
            isa = PBXShellScriptBuildPhase;
            alwaysOutOfDate = 1;
            buildActionMask = 2147483647;
            files = ();
            inputFileListPaths = ();
            inputPaths = ();
            name = "Compile PodkopShared";
            outputFileListPaths = ();
            outputPaths = ();
            runOnlyForDeploymentPostprocessing = 0;
            shellPath = /bin/sh;
            shellScript = "if [ \"YES\" = \"$OVERRIDE_KOTLIN_BUILD_IDE_SUPPORTED\" ]; then\n  exit 0\nfi\ncd \"$SRCROOT/..\"\n./gradlew :iosShared:embedAndSignAppleFrameworkForXcode\n";
        };

/* End PBXShellScriptBuildPhase section */

/* Begin PBXSourcesBuildPhase section */
		017AAA60DD404BFECA2A693F /* Sources */ = {
			isa = PBXSourcesBuildPhase;
			buildActionMask = 2147483647;
			files = (
			);
			runOnlyForDeploymentPostprocessing = 0;
		};

        2A8CE1E60CC94E4CA9963C38 /* Sources */ = {isa = PBXSourcesBuildPhase; buildActionMask = 2147483647; files = (20FD320479D54E92A67BCDAE /* ContentFixtureGallery.swift in Sources */, 82D2FBF515EBD50A9055F9A1 /* FixtureMediaLoader.swift in Sources */, 0F57828ED4B363055BF4F1D0 /* FixtureComposerMedia.swift in Sources */, 0532E44AD481711F4AAA26E4 /* FixtureDetailMutator.swift in Sources */, 5C9E0465E2CE5B57475A2350 /* ResourceCardActions.swift in Sources */, D1FEA37BC9275955AA2505AB /* ContentTokens.swift in Sources */, EE8CC9DCF2FF505A8EBEC153 /* FixtureVoterLoader.swift in Sources */, 6D72561A514B764032CD44FD /* ResourceLinkBuilder.swift in Sources */, 2CD9CEFEB45302DA1C835092 /* VoterModel.swift in Sources */, 05B337F30EE07AC908CBE986 /* VoterService.swift in Sources */, 68ACF2FA6DDC85F748F2A802 /* VoterTarget.swift in Sources */, 49B5DBE92EB06B63DFC4B33F /* VoterTypes.swift in Sources */, 069F95C6D7076449D216B877 /* VotersView.swift in Sources */, 20E2717343C6B2ED79C16949 /* HexColor.swift in Sources */, 8B95AAE20D76EE34F9546055 /* FixtureSettingsService.swift in Sources */, 2D9901411CC87D1BC740BFA6 /* RemoteImage.swift in Sources */, C3876646768DAD8B33C5B436 /* ComposerAttachmentControls.swift in Sources */, D3140F2195DE92226EA0DEB2 /* ComposerTarget.swift in Sources */, A44551B9C3E728359F7C788C /* LinkDraftService.swift in Sources */, 5A3DC7EF9E9187269A3A4CC5 /* CollectionTypes.swift in Sources */, 8CC675ABCDD9B9F47D6C22F7 /* FixtureCollectionLoader.swift in Sources */, DD47FE45047FFBAD9B48758B /* FeedService.swift in Sources */, 8822523EE394CF4350411CF1 /* FixtureMessagesLoader.swift in Sources */, FF3410E26F2FF21C43AAA715 /* MessageTypes.swift in Sources */, 5C40BB2B88C328579C4C8EF9 /* NotificationsService.swift in Sources */, 31E7EA45573A4214CDCB271E /* ProfileService.swift in Sources */, C9204479A5966E2C13A8B0BB /* AdvancedSearchService.swift in Sources */, 2F3FD5282719A0503BFD3E69 /* SearchService.swift in Sources */, 9CDCBB0E4B23C2C187804638 /* TagService.swift in Sources */, 2C2D57D7AD4C8CCE2E8EB1CC /* BlacklistCategoryModel.swift in Sources */, 6989572CED49B90ED160FD93 /* BlacklistTypes.swift in Sources */, F94FD05291B29A97537B3644 /* BlacklistsService.swift in Sources */, 73512866331D4549DC6E473C /* FixtureBlacklistsLoader.swift in Sources */, 30D43EB3F4A251D5CA6D6054 /* ComposerService.swift in Sources */, 0B03CB73D23F40E36298FC7A /* FixtureComposerSubmitter.swift in Sources */, 0F87E795E4EA169DFF01A600 /* FixtureLinkDrafting.swift in Sources */, CA515514B2F704F9A4CFF52F /* LinkDraftTypes.swift in Sources */, F40FD3F8C533C958C25ADEB8 /* DetailService.swift in Sources */, 55B6816131D171D640A15A8F /* FixtureDetailLoader.swift in Sources */, 4B0DB454E5739813F1B225A3 /* CollectionReconciliation.swift in Sources */, F043B99C0B3DE32E53D5FE3D /* FavouritesModel.swift in Sources */, 94F16AA240E1C6407F74B0E6 /* HitsModel.swift in Sources */, 6CB1E934E81BA3790171C2DF /* ObservedModel.swift in Sources */, 34A7E85B2CEC7C303984E9CF /* RankModel.swift in Sources */, 88AFA12A93ABC666C218072C /* FeedTypes.swift in Sources */, 77E771903A0F3B78F3A53584 /* FixtureFeedLoader.swift in Sources */, D6A36D4B2C7E4A6839627B0B /* ConversationModel.swift in Sources */, 39AD8B5DE82D1D7FDBF18E5C /* NewConversationModel.swift in Sources */, 2D8478BFFC3D6B10DBE28329 /* FixtureNotificationsLoader.swift in Sources */, 0F4309B71CB16073AE3A4A93 /* NotificationTypes.swift in Sources */, 06F0D22637833F256EBA7E22 /* FixtureProfileLoader.swift in Sources */, 576814B8787119C80ECDF6F7 /* ProfileTypes.swift in Sources */, E9EBC436AC21B3237257ECFE /* StringNonEmpty.swift in Sources */, 177E84E258C8FA50724E43CC /* AdvancedSearchTypes.swift in Sources */, 6B45D59CBD0C915C30CBD07A /* FixtureAdvancedSearching.swift in Sources */, 5254957297F295B608FCEE3F /* FixtureSearchSuggesting.swift in Sources */, 384EF9CC08E1136892028BD2 /* SearchTypes.swift in Sources */, 77C0DA63E7A546240A6B9117 /* AppBuild.swift in Sources */, CCC98821ECF5EF0A4DB9F318 /* SettingsService.swift in Sources */, 33A2EDFA8D3815434BDF5E42 /* SettingsTypes.swift in Sources */, 55DEFC4D67E97D4FC9F4252E /* FixtureTagLoader.swift in Sources */, 4EFD9D9F59E0CC01E68A9547 /* TagTypes.swift in Sources */, 1286FDCBE3098983922448B8 /* SafariView.swift in Sources */, 56B9EF80C64D30B89EB02620 /* AuthorColor.swift in Sources */, D8B8CF668BEB683C4EE5F9CF /* EmbedCard.swift in Sources */, 3A7C1B2A52C54A313E16162E /* ImageViewer.swift in Sources */, C03C3B8E7A84FD46E67DF8C7 /* MediaView.swift in Sources */, 0ED30CC2D17C0CA8DDA8B81E /* RichContentView.swift in Sources */, E9A820179D2B261D6F1116EF /* ScreenshotSurface.swift in Sources */, EC87A01389BD2B4B9DD28CB8 /* StateView.swift in Sources */, E6C71962845F67FAFBDDF543 /* SurveyView.swift in Sources */, D66EAF71DA37428E37684A9D /* ScreenshotPreview.swift in Sources */, 7624112517394D941D188A05 /* FavouritesView.swift in Sources */, 35B1946744352D06AE9CAF1F /* HitsView.swift in Sources */, 4F0D5FE01C124BF204B8F858 /* ObservedView.swift in Sources */, FF7CE19C868B9737C5AA84A7 /* RankView.swift in Sources */, 192129297A42A08073B45192 /* ConversationView.swift in Sources */, A40B6513D84E89457D49B22F /* NewConversationView.swift in Sources */, B5931CB3E2730AF3AF9A6BCC /* AdvancedSearchView.swift in Sources */, 6A379002ECCE4613A41149DC /* AboutView.swift in Sources */, 9FDC9A307A91D7058DE6899F /* DebugView.swift in Sources */, 8FFD6220BA840ED33DD61E27 /* ImageExportControls.swift in Sources */, 17E9FFFC16F6B3C225127953 /* AppRouter.swift in Sources */, 9C9D25FE375824FC4D15AB66 /* LinkIngress.swift in Sources */, 7DD616639103FB42EEEECFE1 /* RootView.swift in Sources */, 070A23D5F5658901A887B07D /* SceneActivity.swift in Sources */, 1AEDB38918A10E49B14F2EB0 /* SessionModel.swift in Sources */, D5BAAB8BA25CB8EA24EF635B /* TabContent.swift in Sources */, 9629B7B772744083A930695D /* PlatformExport.swift in Sources */, 1DD88B3D890AAF4FBC543793 /* SettingsViews.swift in Sources */, 3BC9F5AEF6C7595E7DA6EA69 /* SettingsModel.swift in Sources */, CBE9ED5793A7BD3B8E5EF6F7 /* MediaLoader.swift in Sources */, 5E675A79ECA1665A790C4961 /* SplashView.swift in Sources */, E7B65153DBAB59F2081B1374 /* MessagesViews.swift in Sources */, 95B92707EBB3ED9AEA2FCB5D /* MessagesModels.swift in Sources */, FE052771E8D3D1B6120DF994 /* MessagesService.swift in Sources */, FBD65A4EB20659E664CD4466 /* NotificationsView.swift in Sources */, 48FE84B34800D916CA1B6BFC /* NotificationsModel.swift in Sources */, 8B3CA09CDD2CCACFDEBF9F5B /* ComposerAttachment.swift in Sources */, CF566D71956DBD5300BB9C48 /* BlacklistsView.swift in Sources */, 43A6E3BAFF11CF1360AE8836 /* BlacklistsModel.swift in Sources */, 9281BF33F2FAE691DF4E3E85 /* ProfileView.swift in Sources */, 18D1DE7A6BD88416F06954AF /* ProfileModel.swift in Sources */, E71A1890F7C98C82DA8DED1D /* TagView.swift in Sources */, AE162D3DA55CD0503E893832 /* TagModel.swift in Sources */, F0CE44DF4F1D50A2D776540B /* CollectionViews.swift in Sources */, 1C85B399732F8252ED64834E /* CollectionServices.swift in Sources */, 1635A6C50CC0FB99834D58EF /* DiscoveryViews.swift in Sources */, 02CB33D15DC0CE1ABA44F0BA /* ListPager.swift in Sources */, B5CF11022E7F87221A02E249 /* SearchViews.swift in Sources */, 0F079B3C76D37B02FC14327D /* AdvancedSearchModel.swift in Sources */, 909E681194FBCF39134101AC /* SearchModel.swift in Sources */, 61C15A94C3E544BB939D67CC /* PodkopApp.swift in Sources */, 6AC4F2076DE74EA08D08B105 /* Navigation.swift in Sources */, 66ECDFE970A3470C9C20635D /* AppDependencies.swift in Sources */, 765EF8B8CB9D4E3A9ECDE2AB /* ResourcePresentation.swift in Sources */, ED688BA1A1E64006B7DD778D /* RichContent.swift in Sources */, B1D7EE6EF1334F1199028973 /* ResourceCard.swift in Sources */, 42C81BFD5ED142EFAC753D3C /* ImageDecoder.swift in Sources */, A42A844F2170466EAA736E8B /* ContentFixtures.swift in Sources */, A55EEA11695A486EA7F8CC11 /* FeedModel.swift in Sources */, A55EEA11695A486EA7F8CC13 /* FeedView.swift in Sources */, A55EEA11695A486EA7F8CC17 /* ResourceUpdates.swift in Sources */, A55EEA11695A486EA7F8CC19 /* DetailModel.swift in Sources */, A55EEA11695A486EA7F8CC1B /* DetailView.swift in Sources */, A55EEA11695A486EA7F8CC1D /* DetailMutations.swift in Sources */, A55EEA11695A486EA7F8CC1F /* ResourceActions.swift in Sources */, A55EEA11695A486EA7F8CC23 /* ComposerModel.swift in Sources */, A55EEA11695A486EA7F8CC25 /* ComposerView.swift in Sources */, A55EEA11695A486EA7F8CC29 /* ComposerMedia.swift in Sources */, A55EEA11695A486EA7F8CC2B /* LinkSubmissionModel.swift in Sources */, A55EEA11695A486EA7F8CC2D /* LinkSubmissionView.swift in Sources */, EA6FB1290B8641528214D00C /* BridgeAdapter.swift in Sources */); runOnlyForDeploymentPostprocessing = 0; };
        830BBEA643AC4253B8C6086A /* Sources */ = {isa = PBXSourcesBuildPhase; buildActionMask = 2147483647; files = (74DD18CFCCD3542F378CBF88 /* MessagingTests.swift in Sources */, A7B3FBB69C8AAE432D76F746 /* AccountTests.swift in Sources */, 66C773A96841C88BD97B0E0B /* DiscoveryTests.swift in Sources */, 0A03C3378B6842BB92176384 /* BridgeTests.swift in Sources */, B6CCCA61EC664508A2A9EB7E /* NavigationTests.swift in Sources */, A4D20531481741C293C99B22 /* ContentTests.swift in Sources */, A55EEA11695A486EA7F8CC15 /* FeedTests.swift in Sources */, A55EEA11695A486EA7F8CC21 /* DetailTests.swift in Sources */, A55EEA11695A486EA7F8CC27 /* ComposerTests.swift in Sources */); runOnlyForDeploymentPostprocessing = 0; };
        19AD0EE6EDC543D793058849 /* Sources */ = {isa = PBXSourcesBuildPhase; buildActionMask = 2147483647; files = (5E8F6213798A4CFDB0D0E854 /* ShellUITests.swift in Sources */); runOnlyForDeploymentPostprocessing = 0; };

/* End PBXSourcesBuildPhase section */

/* Begin PBXContainerItemProxy section */
        5DAF920E79174656982F6CC0 /* PBXContainerItemProxy */ = {isa = PBXContainerItemProxy; containerPortal = BA9D32A715B2F10824809DBD /* Project object */; proxyType = 1; remoteGlobalIDString = FE9DDBCC85BF464D8A9E1499; remoteInfo = PodkopNative; };
        E4D20C18AB8A4F529BBA2650 /* PBXContainerItemProxy */ = {isa = PBXContainerItemProxy; containerPortal = BA9D32A715B2F10824809DBD /* Project object */; proxyType = 1; remoteGlobalIDString = FE9DDBCC85BF464D8A9E1499; remoteInfo = PodkopNative; };
/* End PBXContainerItemProxy section */

/* Begin PBXTargetDependency section */
        13D93BC1CEBA429CB74F58A8 /* PBXTargetDependency */ = {isa = PBXTargetDependency; target = FE9DDBCC85BF464D8A9E1499 /* PodkopNative */; targetProxy = 5DAF920E79174656982F6CC0 /* PBXContainerItemProxy */; };
        D0988721251F4F5DB6DB58E7 /* PBXTargetDependency */ = {isa = PBXTargetDependency; target = FE9DDBCC85BF464D8A9E1499 /* PodkopNative */; targetProxy = E4D20C18AB8A4F529BBA2650 /* PBXContainerItemProxy */; };
/* End PBXTargetDependency section */

/* Begin XCBuildConfiguration section */
		AECE49A9403DB9F96CAF7442 /* Debug */ = {
			isa = XCBuildConfiguration;
			baseConfigurationReferenceAnchor = 8F47E8230FE21A54F4867A28 /* Configuration */;
			baseConfigurationReferenceRelativePath = Config.xcconfig;
			buildSettings = {
				ALWAYS_SEARCH_USER_PATHS = NO;
				ASSETCATALOG_COMPILER_GENERATE_SWIFT_ASSET_SYMBOL_EXTENSIONS = YES;
				CLANG_ANALYZER_NONNULL = YES;
				CLANG_ANALYZER_NUMBER_OBJECT_CONVERSION = YES_AGGRESSIVE;
				CLANG_CXX_LANGUAGE_STANDARD = "gnu++20";
				CLANG_ENABLE_MODULES = YES;
				CLANG_ENABLE_OBJC_ARC = YES;
				CLANG_ENABLE_OBJC_WEAK = YES;
				CLANG_WARN_BLOCK_CAPTURE_AUTORELEASING = YES;
				CLANG_WARN_BOOL_CONVERSION = YES;
				CLANG_WARN_COMMA = YES;
				CLANG_WARN_CONSTANT_CONVERSION = YES;
				CLANG_WARN_DEPRECATED_OBJC_IMPLEMENTATIONS = YES;
				CLANG_WARN_DIRECT_OBJC_ISA_USAGE = YES_ERROR;
				CLANG_WARN_DOCUMENTATION_COMMENTS = YES;
				CLANG_WARN_EMPTY_BODY = YES;
				CLANG_WARN_ENUM_CONVERSION = YES;
				CLANG_WARN_INFINITE_RECURSION = YES;
				CLANG_WARN_INT_CONVERSION = YES;
				CLANG_WARN_NON_LITERAL_NULL_CONVERSION = YES;
				CLANG_WARN_OBJC_IMPLICIT_RETAIN_SELF = YES;
				CLANG_WARN_OBJC_LITERAL_CONVERSION = YES;
				CLANG_WARN_OBJC_ROOT_CLASS = YES_ERROR;
				CLANG_WARN_QUOTED_INCLUDE_IN_FRAMEWORK_HEADER = YES;
				CLANG_WARN_RANGE_LOOP_ANALYSIS = YES;
				CLANG_WARN_STRICT_PROTOTYPES = YES;
				CLANG_WARN_SUSPICIOUS_MOVE = YES;
				CLANG_WARN_UNGUARDED_AVAILABILITY = YES_AGGRESSIVE;
				CLANG_WARN_UNREACHABLE_CODE = YES;
				CLANG_WARN__DUPLICATE_METHOD_MATCH = YES;
				COPY_PHASE_STRIP = NO;
				DEBUG_INFORMATION_FORMAT = dwarf;
				ENABLE_STRICT_OBJC_MSGSEND = YES;
				ENABLE_TESTABILITY = YES;
				ENABLE_USER_SCRIPT_SANDBOXING = NO;
				GCC_C_LANGUAGE_STANDARD = gnu17;
				GCC_DYNAMIC_NO_PIC = NO;
				GCC_NO_COMMON_BLOCKS = YES;
				GCC_OPTIMIZATION_LEVEL = 0;
				GCC_PREPROCESSOR_DEFINITIONS = (
					"DEBUG=1",
					"$(inherited)",
				);
				GCC_WARN_64_TO_32_BIT_CONVERSION = YES;
				GCC_WARN_ABOUT_RETURN_TYPE = YES_ERROR;
				GCC_WARN_UNDECLARED_SELECTOR = YES;
				GCC_WARN_UNINITIALIZED_AUTOS = YES_AGGRESSIVE;
				GCC_WARN_UNUSED_FUNCTION = YES;
				GCC_WARN_UNUSED_VARIABLE = YES;
				IPHONEOS_DEPLOYMENT_TARGET = 18.2;
				LOCALIZATION_PREFERS_STRING_CATALOGS = YES;
				MTL_ENABLE_DEBUG_INFO = INCLUDE_SOURCE;
				MTL_FAST_MATH = YES;
				ONLY_ACTIVE_ARCH = YES;
				SDKROOT = iphoneos;
				SWIFT_ACTIVE_COMPILATION_CONDITIONS = "DEBUG $(inherited)";
				SWIFT_OPTIMIZATION_LEVEL = "-Onone";
			};
			name = Debug;
		};
		BB055A0038BD30FC15E1B1AB /* Release */ = {
			isa = XCBuildConfiguration;
			baseConfigurationReferenceAnchor = 8F47E8230FE21A54F4867A28 /* Configuration */;
			baseConfigurationReferenceRelativePath = Config.xcconfig;
			buildSettings = {
				ARCHS = arm64;
				ASSETCATALOG_COMPILER_APPICON_NAME = AppIcon;
				ASSETCATALOG_COMPILER_GLOBAL_ACCENT_COLOR_NAME = AccentColor;
				CODE_SIGN_IDENTITY = "Apple Development";
				CODE_SIGN_STYLE = Automatic;
				DEVELOPMENT_ASSET_PATHS = "\"iosApp/Preview Content\"";
				DEVELOPMENT_TEAM = J56J6ZLN8W;
				ENABLE_PREVIEWS = YES;
				GENERATE_INFOPLIST_FILE = YES;
				INFOPLIST_FILE = iosApp/Info.plist;
				INFOPLIST_KEY_UIApplicationSceneManifest_Generation = YES;
				INFOPLIST_KEY_UIApplicationSupportsIndirectInputEvents = YES;
				INFOPLIST_KEY_UILaunchScreen_Generation = NO;
				INFOPLIST_KEY_UILaunchStoryboardName = LaunchScreen;
				INFOPLIST_KEY_UISupportedInterfaceOrientations_iPad = "UIInterfaceOrientationPortrait UIInterfaceOrientationPortraitUpsideDown UIInterfaceOrientationLandscapeLeft UIInterfaceOrientationLandscapeRight";
				INFOPLIST_KEY_UISupportedInterfaceOrientations_iPhone = "UIInterfaceOrientationPortrait UIInterfaceOrientationLandscapeLeft UIInterfaceOrientationLandscapeRight";
				IPHONEOS_DEPLOYMENT_TARGET = 18.0;
				LD_RUNPATH_SEARCH_PATHS = (
					"$(inherited)",
					"@executable_path/Frameworks",
				);
				SWIFT_EMIT_LOC_STRINGS = YES;
				SWIFT_VERSION = 5.0;
				TARGETED_DEVICE_FAMILY = "1,2";
			};
			name = Release;
		};
		BC983152703DFDE785AC2043 /* Release */ = {
			isa = XCBuildConfiguration;
			baseConfigurationReferenceAnchor = 8F47E8230FE21A54F4867A28 /* Configuration */;
			baseConfigurationReferenceRelativePath = Config.xcconfig;
			buildSettings = {
				ALWAYS_SEARCH_USER_PATHS = NO;
				ASSETCATALOG_COMPILER_GENERATE_SWIFT_ASSET_SYMBOL_EXTENSIONS = YES;
				CLANG_ANALYZER_NONNULL = YES;
				CLANG_ANALYZER_NUMBER_OBJECT_CONVERSION = YES_AGGRESSIVE;
				CLANG_CXX_LANGUAGE_STANDARD = "gnu++20";
				CLANG_ENABLE_MODULES = YES;
				CLANG_ENABLE_OBJC_ARC = YES;
				CLANG_ENABLE_OBJC_WEAK = YES;
				CLANG_WARN_BLOCK_CAPTURE_AUTORELEASING = YES;
				CLANG_WARN_BOOL_CONVERSION = YES;
				CLANG_WARN_COMMA = YES;
				CLANG_WARN_CONSTANT_CONVERSION = YES;
				CLANG_WARN_DEPRECATED_OBJC_IMPLEMENTATIONS = YES;
				CLANG_WARN_DIRECT_OBJC_ISA_USAGE = YES_ERROR;
				CLANG_WARN_DOCUMENTATION_COMMENTS = YES;
				CLANG_WARN_EMPTY_BODY = YES;
				CLANG_WARN_ENUM_CONVERSION = YES;
				CLANG_WARN_INFINITE_RECURSION = YES;
				CLANG_WARN_INT_CONVERSION = YES;
				CLANG_WARN_NON_LITERAL_NULL_CONVERSION = YES;
				CLANG_WARN_OBJC_IMPLICIT_RETAIN_SELF = YES;
				CLANG_WARN_OBJC_LITERAL_CONVERSION = YES;
				CLANG_WARN_OBJC_ROOT_CLASS = YES_ERROR;
				CLANG_WARN_QUOTED_INCLUDE_IN_FRAMEWORK_HEADER = YES;
				CLANG_WARN_RANGE_LOOP_ANALYSIS = YES;
				CLANG_WARN_STRICT_PROTOTYPES = YES;
				CLANG_WARN_SUSPICIOUS_MOVE = YES;
				CLANG_WARN_UNGUARDED_AVAILABILITY = YES_AGGRESSIVE;
				CLANG_WARN_UNREACHABLE_CODE = YES;
				CLANG_WARN__DUPLICATE_METHOD_MATCH = YES;
				COPY_PHASE_STRIP = NO;
				DEBUG_INFORMATION_FORMAT = "dwarf-with-dsym";
				ENABLE_NS_ASSERTIONS = NO;
				ENABLE_STRICT_OBJC_MSGSEND = YES;
				ENABLE_USER_SCRIPT_SANDBOXING = NO;
				GCC_C_LANGUAGE_STANDARD = gnu17;
				GCC_NO_COMMON_BLOCKS = YES;
				GCC_WARN_64_TO_32_BIT_CONVERSION = YES;
				GCC_WARN_ABOUT_RETURN_TYPE = YES_ERROR;
				GCC_WARN_UNDECLARED_SELECTOR = YES;
				GCC_WARN_UNINITIALIZED_AUTOS = YES_AGGRESSIVE;
				GCC_WARN_UNUSED_FUNCTION = YES;
				GCC_WARN_UNUSED_VARIABLE = YES;
				IPHONEOS_DEPLOYMENT_TARGET = 18.2;
				LOCALIZATION_PREFERS_STRING_CATALOGS = YES;
				MTL_ENABLE_DEBUG_INFO = NO;
				MTL_FAST_MATH = YES;
				SDKROOT = iphoneos;
				SWIFT_COMPILATION_MODE = wholemodule;
				VALIDATE_PRODUCT = YES;
			};
			name = Release;
		};
		FD49424E33B597306C05C3AE /* Debug */ = {
			isa = XCBuildConfiguration;
			baseConfigurationReferenceAnchor = 8F47E8230FE21A54F4867A28 /* Configuration */;
			baseConfigurationReferenceRelativePath = Config.xcconfig;
			buildSettings = {
				ARCHS = arm64;
				ASSETCATALOG_COMPILER_APPICON_NAME = AppIcon;
				ASSETCATALOG_COMPILER_GLOBAL_ACCENT_COLOR_NAME = AccentColor;
				CODE_SIGN_IDENTITY = "Apple Development";
				CODE_SIGN_STYLE = Automatic;
				DEVELOPMENT_ASSET_PATHS = "\"iosApp/Preview Content\"";
				DEVELOPMENT_TEAM = J56J6ZLN8W;
				ENABLE_PREVIEWS = YES;
				GENERATE_INFOPLIST_FILE = YES;
				INFOPLIST_FILE = iosApp/Info.plist;
				INFOPLIST_KEY_UIApplicationSceneManifest_Generation = YES;
				INFOPLIST_KEY_UIApplicationSupportsIndirectInputEvents = YES;
				INFOPLIST_KEY_UILaunchScreen_Generation = NO;
				INFOPLIST_KEY_UILaunchStoryboardName = LaunchScreen;
				INFOPLIST_KEY_UISupportedInterfaceOrientations_iPad = "UIInterfaceOrientationPortrait UIInterfaceOrientationPortraitUpsideDown UIInterfaceOrientationLandscapeLeft UIInterfaceOrientationLandscapeRight";
				INFOPLIST_KEY_UISupportedInterfaceOrientations_iPhone = "UIInterfaceOrientationPortrait UIInterfaceOrientationLandscapeLeft UIInterfaceOrientationLandscapeRight";
				IPHONEOS_DEPLOYMENT_TARGET = 18.0;
				LD_RUNPATH_SEARCH_PATHS = (
					"$(inherited)",
					"@executable_path/Frameworks",
				);
				SWIFT_EMIT_LOC_STRINGS = YES;
				SWIFT_VERSION = 5.0;
				TARGETED_DEVICE_FAMILY = "1,2";
			};
			name = Debug;
		};
        E1698F77A8EA4C999E392BF4 /* Debug */ = {isa = XCBuildConfiguration; baseConfigurationReference = 8D06BDD538C947C1AEA6865F /* Config.xcconfig */; buildSettings = { ARCHS = arm64; ASSETCATALOG_COMPILER_APPICON_NAME = AppIcon; CODE_SIGN_STYLE = Automatic; DEVELOPMENT_TEAM = J56J6ZLN8W; ENABLE_USER_SCRIPT_SANDBOXING = NO; GENERATE_INFOPLIST_FILE = YES; INFOPLIST_FILE = iosApp/Info.plist; IPHONEOS_DEPLOYMENT_TARGET = 18.0; PRODUCT_NAME = Podkop; PRODUCT_MODULE_NAME = PodkopNative; SWIFT_VERSION = 5.0; TARGETED_DEVICE_FAMILY = "1,2"; }; name = Debug; };
        87016B50EA2542F1937FCFFE /* Release */ = {isa = XCBuildConfiguration; baseConfigurationReference = 8D06BDD538C947C1AEA6865F /* Config.xcconfig */; buildSettings = { ARCHS = arm64; ASSETCATALOG_COMPILER_APPICON_NAME = AppIcon; CODE_SIGN_STYLE = Automatic; DEVELOPMENT_TEAM = J56J6ZLN8W; ENABLE_USER_SCRIPT_SANDBOXING = NO; GENERATE_INFOPLIST_FILE = YES; INFOPLIST_FILE = iosApp/Info.plist; IPHONEOS_DEPLOYMENT_TARGET = 18.0; PRODUCT_NAME = Podkop; PRODUCT_MODULE_NAME = PodkopNative; SWIFT_VERSION = 5.0; TARGETED_DEVICE_FAMILY = "1,2"; }; name = Release; };
        8587F296035C4E68BEEF5CDC /* Debug */ = {isa = XCBuildConfiguration; baseConfigurationReference = 8D06BDD538C947C1AEA6865F /* Config.xcconfig */; buildSettings = { ARCHS = arm64; CODE_SIGNING_ALLOWED = NO; GENERATE_INFOPLIST_FILE = YES; IPHONEOS_DEPLOYMENT_TARGET = 18.0; PRODUCT_BUNDLE_IDENTIFIER = pl.masslany.podkop.PodkopNativeTests; PRODUCT_NAME = PodkopNativeTests; PRODUCT_MODULE_NAME = PodkopNativeTests; SWIFT_VERSION = 5.0; TARGETED_DEVICE_FAMILY = "1,2"; TEST_HOST = "$(BUILT_PRODUCTS_DIR)/Podkop.app/Podkop"; BUNDLE_LOADER = "$(TEST_HOST)"; }; name = Debug; };
        08F2099D38EB40EB9C6F8CA9 /* Release */ = {isa = XCBuildConfiguration; baseConfigurationReference = 8D06BDD538C947C1AEA6865F /* Config.xcconfig */; buildSettings = { ARCHS = arm64; CODE_SIGNING_ALLOWED = NO; GENERATE_INFOPLIST_FILE = YES; IPHONEOS_DEPLOYMENT_TARGET = 18.0; PRODUCT_BUNDLE_IDENTIFIER = pl.masslany.podkop.PodkopNativeTests; PRODUCT_NAME = PodkopNativeTests; PRODUCT_MODULE_NAME = PodkopNativeTests; SWIFT_VERSION = 5.0; TARGETED_DEVICE_FAMILY = "1,2"; TEST_HOST = "$(BUILT_PRODUCTS_DIR)/Podkop.app/Podkop"; BUNDLE_LOADER = "$(TEST_HOST)"; }; name = Release; };
        2F5A2C0E768A4B76A102B330 /* Debug */ = {isa = XCBuildConfiguration; buildSettings = { ARCHS = arm64; CODE_SIGNING_ALLOWED = NO; GENERATE_INFOPLIST_FILE = YES; IPHONEOS_DEPLOYMENT_TARGET = 18.0; PRODUCT_BUNDLE_IDENTIFIER = pl.masslany.podkop.PodkopNativeUITests; PRODUCT_NAME = PodkopNativeUITests; PRODUCT_MODULE_NAME = PodkopNativeUITests; SWIFT_VERSION = 5.0; TARGETED_DEVICE_FAMILY = "1,2"; TEST_TARGET_NAME = PodkopNative; }; name = Debug; };
        352F472D9D0D49EF916CFF46 /* Release */ = {isa = XCBuildConfiguration; buildSettings = { ARCHS = arm64; CODE_SIGNING_ALLOWED = NO; GENERATE_INFOPLIST_FILE = YES; IPHONEOS_DEPLOYMENT_TARGET = 18.0; PRODUCT_BUNDLE_IDENTIFIER = pl.masslany.podkop.PodkopNativeUITests; PRODUCT_NAME = PodkopNativeUITests; PRODUCT_MODULE_NAME = PodkopNativeUITests; SWIFT_VERSION = 5.0; TARGETED_DEVICE_FAMILY = "1,2"; TEST_TARGET_NAME = PodkopNative; }; name = Release; };
/* End XCBuildConfiguration section */

/* Begin XCConfigurationList section */
		39C2238F0983C5CD557B2B0E /* Build configuration list for PBXNativeTarget "iosApp" */ = {
			isa = XCConfigurationList;
			buildConfigurations = (
				FD49424E33B597306C05C3AE /* Debug */,
				BB055A0038BD30FC15E1B1AB /* Release */,
			);
			defaultConfigurationIsVisible = 0;
			defaultConfigurationName = Release;
		};
		3F2C799EBCE6A9A764DDFE89 /* Build configuration list for PBXProject "iosApp" */ = {
			isa = XCConfigurationList;
			buildConfigurations = (
				AECE49A9403DB9F96CAF7442 /* Debug */,
				BC983152703DFDE785AC2043 /* Release */,
			);
			defaultConfigurationIsVisible = 0;
			defaultConfigurationName = Release;
		};

        1A866AB58EB545F1847DCB4A /* Build configuration list for PBXNativeTarget "PodkopNative" */ = {isa = XCConfigurationList; buildConfigurations = (E1698F77A8EA4C999E392BF4 /* Debug */, 87016B50EA2542F1937FCFFE /* Release */); defaultConfigurationIsVisible = 0; defaultConfigurationName = Release; };
        502C8F3EAF804592A997AC2F /* Build configuration list for PBXNativeTarget "PodkopNativeTests" */ = {isa = XCConfigurationList; buildConfigurations = (8587F296035C4E68BEEF5CDC /* Debug */, 08F2099D38EB40EB9C6F8CA9 /* Release */); defaultConfigurationIsVisible = 0; defaultConfigurationName = Release; };
        0612759F424D493C9269F4BC /* Build configuration list for PBXNativeTarget "PodkopNativeUITests" */ = {isa = XCConfigurationList; buildConfigurations = (2F5A2C0E768A4B76A102B330 /* Debug */, 352F472D9D0D49EF916CFF46 /* Release */); defaultConfigurationIsVisible = 0; defaultConfigurationName = Release; };

/* End XCConfigurationList section */
	};
	rootObject = BA9D32A715B2F10824809DBD /* Project object */;
}
