// !$*UTF8*$!
{
	archiveVersion = 1;
	classes = {
	};
	objectVersion = 77;
	objects = {

/* Begin PBXBuildFile section */
        61C15A94C3E544BB939D67CC /* NativeApp.swift in Sources */ = {isa = PBXBuildFile; fileRef = 7B67E2E3D39E49A3A045A6B5 /* NativeApp.swift */; };
        6AC4F2076DE74EA08D08B105 /* Navigation.swift in Sources */ = {isa = PBXBuildFile; fileRef = 24D4922734BF474EBB88AF90 /* Navigation.swift */; };
        66ECDFE970A3470C9C20635D /* AppDependencies.swift in Sources */ = {isa = PBXBuildFile; fileRef = 83D17579B10E45EC8444FC9D /* AppDependencies.swift */; };
        765EF8B8CB9D4E3A9ECDE2AB /* ResourcePresentation.swift in Sources */ = {isa = PBXBuildFile; fileRef = 423E83F24A1242E49BEE23E1 /* ResourcePresentation.swift */; };
        ED688BA1A1E64006B7DD778D /* RichContent.swift in Sources */ = {isa = PBXBuildFile; fileRef = 31A61F97DBAC4A839394C803 /* RichContent.swift */; };
        B1D7EE6EF1334F1199028973 /* ResourceCard.swift in Sources */ = {isa = PBXBuildFile; fileRef = 4A788E919FFB47A08B7CF9E7 /* ResourceCard.swift */; };
        42C81BFD5ED142EFAC753D3C /* NativeMedia.swift in Sources */ = {isa = PBXBuildFile; fileRef = 2E2F6319C87746BD801CD2FA /* NativeMedia.swift */; };
        A42A844F2170466EAA736E8B /* ContentFixtures.swift in Sources */ = {isa = PBXBuildFile; fileRef = D324238273CB4320AC9F4B6B /* ContentFixtures.swift */; };
        A4D20531481741C293C99B22 /* ContentTests.swift in Sources */ = {isa = PBXBuildFile; fileRef = EC43FE54DA684D6290309BA2 /* ContentTests.swift */; };
        A55EEA11695A486EA7F8CC11 /* FeedModel.swift in Sources */ = {isa = PBXBuildFile; fileRef = A55EEA11695A486EA7F8CC12 /* FeedModel.swift */; };
        A55EEA11695A486EA7F8CC13 /* FeedView.swift in Sources */ = {isa = PBXBuildFile; fileRef = A55EEA11695A486EA7F8CC14 /* FeedView.swift */; };
        A55EEA11695A486EA7F8CC15 /* FeedTests.swift in Sources */ = {isa = PBXBuildFile; fileRef = A55EEA11695A486EA7F8CC16 /* FeedTests.swift */; };
        A55EEA11695A486EA7F8CC17 /* ResourceUpdates.swift in Sources */ = {isa = PBXBuildFile; fileRef = A55EEA11695A486EA7F8CC18 /* ResourceUpdates.swift */; };
        A55EEA11695A486EA7F8CC19 /* DetailModel.swift in Sources */ = {isa = PBXBuildFile; fileRef = A55EEA11695A486EA7F8CC1A /* DetailModel.swift */; };
        A55EEA11695A486EA7F8CC1B /* DetailView.swift in Sources */ = {isa = PBXBuildFile; fileRef = A55EEA11695A486EA7F8CC1C /* DetailView.swift */; };
        A55EEA11695A486EA7F8CC1D /* DetailMutations.swift in Sources */ = {isa = PBXBuildFile; fileRef = A55EEA11695A486EA7F8CC1E /* DetailMutations.swift */; };
        A55EEA11695A486EA7F8CC1F /* ResourceActions.swift in Sources */ = {isa = PBXBuildFile; fileRef = A55EEA11695A486EA7F8CC20 /* ResourceActions.swift */; };
        A55EEA11695A486EA7F8CC21 /* DetailTests.swift in Sources */ = {isa = PBXBuildFile; fileRef = A55EEA11695A486EA7F8CC22 /* DetailTests.swift */; };
        A55EEA11695A486EA7F8CC23 /* ComposerModel.swift in Sources */ = {isa = PBXBuildFile; fileRef = A55EEA11695A486EA7F8CC24 /* ComposerModel.swift */; };
        A55EEA11695A486EA7F8CC25 /* ComposerView.swift in Sources */ = {isa = PBXBuildFile; fileRef = A55EEA11695A486EA7F8CC26 /* ComposerView.swift */; };
        A55EEA11695A486EA7F8CC27 /* ComposerTests.swift in Sources */ = {isa = PBXBuildFile; fileRef = A55EEA11695A486EA7F8CC28 /* ComposerTests.swift */; };
        A55EEA11695A486EA7F8CC29 /* ComposerMedia.swift in Sources */ = {isa = PBXBuildFile; fileRef = A55EEA11695A486EA7F8CC2A /* ComposerMedia.swift */; };
        A55EEA11695A486EA7F8CC2B /* LinkSubmissionModel.swift in Sources */ = {isa = PBXBuildFile; fileRef = A55EEA11695A486EA7F8CC2C /* LinkSubmissionModel.swift */; };
        A55EEA11695A486EA7F8CC2D /* LinkSubmissionView.swift in Sources */ = {isa = PBXBuildFile; fileRef = A55EEA11695A486EA7F8CC2E /* LinkSubmissionView.swift */; };
        EA6FB1290B8641528214D00C /* BridgeAdapter.swift in Sources */ = {isa = PBXBuildFile; fileRef = 8938F95AE105476FBFAED90F /* BridgeAdapter.swift */; };
        0A03C3378B6842BB92176384 /* BridgeTests.swift in Sources */ = {isa = PBXBuildFile; fileRef = 68D56A2BD57647A0AAC55C50 /* BridgeTests.swift */; };
        B6CCCA61EC664508A2A9EB7E /* NavigationTests.swift in Sources */ = {isa = PBXBuildFile; fileRef = BCA90B552E6E419AB9BC1E1F /* NavigationTests.swift */; };
        5E8F6213798A4CFDB0D0E854 /* ShellUITests.swift in Sources */ = {isa = PBXBuildFile; fileRef = BF3C4D3A623A46E4B9518E05 /* ShellUITests.swift */; };
        0D91B5B012E34DDF9850C07F /* Assets.xcassets in Resources */ = {isa = PBXBuildFile; fileRef = 9A1D77A1EE3A4455926341B6 /* Assets.xcassets */; };
        B45D929D657D42B28C07A0F2 /* Localizable.xcstrings in Resources */ = {isa = PBXBuildFile; fileRef = 209581F294714C7DB471EEB1 /* Localizable.xcstrings */; };
        909E681194FBCF39134101AC /* SearchModel.swift in Sources */ = {isa = PBXBuildFile; fileRef = 37D642140D8F3C026C325D3F /* SearchModel.swift */; };
        0F079B3C76D37B02FC14327D /* AdvancedSearchModel.swift in Sources */ = {isa = PBXBuildFile; fileRef = DDB2E9268513FB939F118457 /* AdvancedSearchModel.swift */; };
        B5CF11022E7F87221A02E249 /* SearchViews.swift in Sources */ = {isa = PBXBuildFile; fileRef = 07DDF087101742F9F8B0701A /* SearchViews.swift */; };
        02CB33D15DC0CE1ABA44F0BA /* ListPager.swift in Sources */ = {isa = PBXBuildFile; fileRef = 8EC61689F6168F07FA3355F1 /* ListPager.swift */; };
        1635A6C50CC0FB99834D58EF /* DiscoveryViews.swift in Sources */ = {isa = PBXBuildFile; fileRef = 5D7A728DB634A1326D6CE7FC /* DiscoveryViews.swift */; };
        1C85B399732F8252ED64834E /* CollectionServices.swift in Sources */ = {isa = PBXBuildFile; fileRef = CD515F673384D1A2449DD56C /* CollectionServices.swift */; };
        112589EFFF93D71816A14FB2 /* CollectionModels.swift in Sources */ = {isa = PBXBuildFile; fileRef = 285399043E4E90A394E2AEC3 /* CollectionModels.swift */; };
        F0CE44DF4F1D50A2D776540B /* CollectionViews.swift in Sources */ = {isa = PBXBuildFile; fileRef = 9A7F23CE2B66563D909ED76E /* CollectionViews.swift */; };
        66C773A96841C88BD97B0E0B /* DiscoveryTests.swift in Sources */ = {isa = PBXBuildFile; fileRef = 083B7806FC22238A0EEBE5A8 /* DiscoveryTests.swift */; };
        AE162D3DA55CD0503E893832 /* TagModel.swift in Sources */ = {isa = PBXBuildFile; fileRef = 7807B892B2AE9149DD21D8B1 /* TagModel.swift */; };
        E71A1890F7C98C82DA8DED1D /* TagView.swift in Sources */ = {isa = PBXBuildFile; fileRef = 93FE0B35ADB76CD1ED1C0F0D /* TagView.swift */; };
        18D1DE7A6BD88416F06954AF /* ProfileModel.swift in Sources */ = {isa = PBXBuildFile; fileRef = F567245D4267A6D11E66C8AE /* ProfileModel.swift */; };
        9281BF33F2FAE691DF4E3E85 /* ProfileView.swift in Sources */ = {isa = PBXBuildFile; fileRef = 7A22120C0CD53CDEBF94581A /* ProfileView.swift */; };
        43A6E3BAFF11CF1360AE8836 /* BlacklistsModel.swift in Sources */ = {isa = PBXBuildFile; fileRef = A302AA41612A8855AE734E3F /* BlacklistsModel.swift */; };
        CF566D71956DBD5300BB9C48 /* BlacklistsView.swift in Sources */ = {isa = PBXBuildFile; fileRef = 76CDFAE75B97FCEF92D5AE24 /* BlacklistsView.swift */; };
        A7B3FBB69C8AAE432D76F746 /* AccountTests.swift in Sources */ = {isa = PBXBuildFile; fileRef = 3193CE591BAB3D4A556B4374 /* AccountTests.swift */; };
        8B3CA09CDD2CCACFDEBF9F5B /* ComposerAttachment.swift in Sources */ = {isa = PBXBuildFile; fileRef = 0F986F8B41D0526EBF9DC8C6 /* ComposerAttachment.swift */; };
        48FE84B34800D916CA1B6BFC /* NotificationsModel.swift in Sources */ = {isa = PBXBuildFile; fileRef = 8DE536F3286818219D435811 /* NotificationsModel.swift */; };
        FBD65A4EB20659E664CD4466 /* NotificationsView.swift in Sources */ = {isa = PBXBuildFile; fileRef = 6509329F5883DD782F94E216 /* NotificationsView.swift */; };
        FE052771E8D3D1B6120DF994 /* MessagesService.swift in Sources */ = {isa = PBXBuildFile; fileRef = A3D95F292F6498AC8A2403F9 /* MessagesService.swift */; };
        95B92707EBB3ED9AEA2FCB5D /* MessagesModels.swift in Sources */ = {isa = PBXBuildFile; fileRef = 19A3A338BD06AE32AFA7E41F /* MessagesModels.swift */; };
        E7B65153DBAB59F2081B1374 /* MessagesViews.swift in Sources */ = {isa = PBXBuildFile; fileRef = A383B801EB7438A37B8E40EA /* MessagesViews.swift */; };
        74DD18CFCCD3542F378CBF88 /* MessagingTests.swift in Sources */ = {isa = PBXBuildFile; fileRef = 4EF022A0190C85A40A2FFFEC /* MessagingTests.swift */; };
        04DE9B7D13DE93A26B4E5ADF /* Assets.xcassets in Resources */ = {isa = PBXBuildFile; fileRef = 03C1E60322E357D3B67DD492 /* Assets.xcassets */; };
        76FD32DE44B14626F1927AF5 /* LaunchScreen.storyboard in Resources */ = {isa = PBXBuildFile; fileRef = 2AE2C9F6EF61F673D35BC5D0 /* LaunchScreen.storyboard */; };
        5E675A79ECA1665A790C4961 /* SplashView.swift in Sources */ = {isa = PBXBuildFile; fileRef = 0E13C8A17FC35BE15659F60B /* SplashView.swift */; };
        CBE9ED5793A7BD3B8E5EF6F7 /* MediaLoader.swift in Sources */ = {isa = PBXBuildFile; fileRef = F6BCF51AE0AEDCA2ACC29B64 /* MediaLoader.swift */; };
        3BC9F5AEF6C7595E7DA6EA69 /* SettingsModel.swift in Sources */ = {isa = PBXBuildFile; fileRef = 5377743819E6CBF50176B3C1 /* SettingsModel.swift */; };
        1DD88B3D890AAF4FBC543793 /* SettingsViews.swift in Sources */ = {isa = PBXBuildFile; fileRef = 6C4726BEB4F145EADBD29946 /* SettingsViews.swift */; };
/* End PBXBuildFile section */

/* Begin PBXFileReference section */
		9A6FC594DDCDDD41C2C7EC6A /* Podkop.app */ = {isa = PBXFileReference; explicitFileType = wrapper.application; includeInIndex = 0; path = Podkop.app; sourceTree = BUILT_PRODUCTS_DIR; };

        42BE2C4B8E164EB58EE39D2C /* PodkopNative.app */ = {isa = PBXFileReference; explicitFileType = wrapper.application; includeInIndex = 0; path = Podkop.app; sourceTree = BUILT_PRODUCTS_DIR; };
        FF61EE37102F46BD95675463 /* PodkopNativeTests.xctest */ = {isa = PBXFileReference; explicitFileType = wrapper.cfbundle; includeInIndex = 0; path = PodkopNativeTests.xctest; sourceTree = BUILT_PRODUCTS_DIR; };
        7B67E2E3D39E49A3A045A6B5 /* NativeApp.swift */ = {isa = PBXFileReference; lastKnownFileType = sourcecode.swift; path = App/NativeApp.swift; sourceTree = "<group>"; };
        24D4922734BF474EBB88AF90 /* Navigation.swift */ = {isa = PBXFileReference; lastKnownFileType = sourcecode.swift; path = App/Navigation.swift; sourceTree = "<group>"; };
        83D17579B10E45EC8444FC9D /* AppDependencies.swift */ = {isa = PBXFileReference; lastKnownFileType = sourcecode.swift; path = App/AppDependencies.swift; sourceTree = "<group>"; };
        423E83F24A1242E49BEE23E1 /* ResourcePresentation.swift */ = {isa = PBXFileReference; lastKnownFileType = sourcecode.swift; path = Content/ResourcePresentation.swift; sourceTree = "<group>"; };
        31A61F97DBAC4A839394C803 /* RichContent.swift */ = {isa = PBXFileReference; lastKnownFileType = sourcecode.swift; path = Content/RichContent.swift; sourceTree = "<group>"; };
        4A788E919FFB47A08B7CF9E7 /* ResourceCard.swift */ = {isa = PBXFileReference; lastKnownFileType = sourcecode.swift; path = Content/ResourceCard.swift; sourceTree = "<group>"; };
        2E2F6319C87746BD801CD2FA /* NativeMedia.swift */ = {isa = PBXFileReference; lastKnownFileType = sourcecode.swift; path = Content/NativeMedia.swift; sourceTree = "<group>"; };
        D324238273CB4320AC9F4B6B /* ContentFixtures.swift */ = {isa = PBXFileReference; lastKnownFileType = sourcecode.swift; path = Content/ContentFixtures.swift; sourceTree = "<group>"; };
        EC43FE54DA684D6290309BA2 /* ContentTests.swift */ = {isa = PBXFileReference; lastKnownFileType = sourcecode.swift; path = ContentTests.swift; sourceTree = "<group>"; };
        A55EEA11695A486EA7F8CC12 /* FeedModel.swift */ = {isa = PBXFileReference; lastKnownFileType = sourcecode.swift; path = Features/Feeds/FeedModel.swift; sourceTree = "<group>"; };
        A55EEA11695A486EA7F8CC14 /* FeedView.swift */ = {isa = PBXFileReference; lastKnownFileType = sourcecode.swift; path = Features/Feeds/FeedView.swift; sourceTree = "<group>"; };
        A55EEA11695A486EA7F8CC16 /* FeedTests.swift */ = {isa = PBXFileReference; lastKnownFileType = sourcecode.swift; path = FeedTests.swift; sourceTree = "<group>"; };
        A55EEA11695A486EA7F8CC18 /* ResourceUpdates.swift */ = {isa = PBXFileReference; lastKnownFileType = sourcecode.swift; path = Features/Details/ResourceUpdates.swift; sourceTree = "<group>"; };
        A55EEA11695A486EA7F8CC1A /* DetailModel.swift */ = {isa = PBXFileReference; lastKnownFileType = sourcecode.swift; path = Features/Details/DetailModel.swift; sourceTree = "<group>"; };
        A55EEA11695A486EA7F8CC1C /* DetailView.swift */ = {isa = PBXFileReference; lastKnownFileType = sourcecode.swift; path = Features/Details/DetailView.swift; sourceTree = "<group>"; };
        A55EEA11695A486EA7F8CC1E /* DetailMutations.swift */ = {isa = PBXFileReference; lastKnownFileType = sourcecode.swift; path = Features/Details/DetailMutations.swift; sourceTree = "<group>"; };
        A55EEA11695A486EA7F8CC20 /* ResourceActions.swift */ = {isa = PBXFileReference; lastKnownFileType = sourcecode.swift; path = Features/Details/ResourceActions.swift; sourceTree = "<group>"; };
        A55EEA11695A486EA7F8CC22 /* DetailTests.swift */ = {isa = PBXFileReference; lastKnownFileType = sourcecode.swift; path = DetailTests.swift; sourceTree = "<group>"; };
        A55EEA11695A486EA7F8CC24 /* ComposerModel.swift */ = {isa = PBXFileReference; lastKnownFileType = sourcecode.swift; path = Features/Composer/ComposerModel.swift; sourceTree = "<group>"; };
        A55EEA11695A486EA7F8CC26 /* ComposerView.swift */ = {isa = PBXFileReference; lastKnownFileType = sourcecode.swift; path = Features/Composer/ComposerView.swift; sourceTree = "<group>"; };
        A55EEA11695A486EA7F8CC28 /* ComposerTests.swift */ = {isa = PBXFileReference; lastKnownFileType = sourcecode.swift; path = ComposerTests.swift; sourceTree = "<group>"; };
        A55EEA11695A486EA7F8CC2A /* ComposerMedia.swift */ = {isa = PBXFileReference; lastKnownFileType = sourcecode.swift; path = Features/Composer/ComposerMedia.swift; sourceTree = "<group>"; };
        A55EEA11695A486EA7F8CC2C /* LinkSubmissionModel.swift */ = {isa = PBXFileReference; lastKnownFileType = sourcecode.swift; path = Features/Composer/LinkSubmissionModel.swift; sourceTree = "<group>"; };
        A55EEA11695A486EA7F8CC2E /* LinkSubmissionView.swift */ = {isa = PBXFileReference; lastKnownFileType = sourcecode.swift; path = Features/Composer/LinkSubmissionView.swift; sourceTree = "<group>"; };
        8938F95AE105476FBFAED90F /* BridgeAdapter.swift */ = {isa = PBXFileReference; lastKnownFileType = sourcecode.swift; path = Services/BridgeAdapter.swift; sourceTree = "<group>"; };
        68D56A2BD57647A0AAC55C50 /* BridgeTests.swift */ = {isa = PBXFileReference; lastKnownFileType = sourcecode.swift; path = BridgeTests.swift; sourceTree = "<group>"; };
        BCA90B552E6E419AB9BC1E1F /* NavigationTests.swift */ = {isa = PBXFileReference; lastKnownFileType = sourcecode.swift; path = NavigationTests.swift; sourceTree = "<group>"; };
        BF3C4D3A623A46E4B9518E05 /* ShellUITests.swift */ = {isa = PBXFileReference; lastKnownFileType = sourcecode.swift; path = ShellUITests.swift; sourceTree = "<group>"; };
        F0D99D990D0942B2AA73E349 /* PodkopNativeUITests.xctest */ = {isa = PBXFileReference; explicitFileType = wrapper.cfbundle; includeInIndex = 0; path = PodkopNativeUITests.xctest; sourceTree = BUILT_PRODUCTS_DIR; };
        9A1D77A1EE3A4455926341B6 /* Assets.xcassets */ = {isa = PBXFileReference; lastKnownFileType = folder.assetcatalog; path = iosApp/Assets.xcassets; sourceTree = SOURCE_ROOT; };
        209581F294714C7DB471EEB1 /* Localizable.xcstrings */ = {isa = PBXFileReference; lastKnownFileType = text.json.xcstrings; path = Localizable.xcstrings; sourceTree = "<group>"; };
        8D06BDD538C947C1AEA6865F /* Config.xcconfig */ = {isa = PBXFileReference; lastKnownFileType = text.xcconfig; path = Configuration/Config.xcconfig; sourceTree = SOURCE_ROOT; };

        37D642140D8F3C026C325D3F /* SearchModel.swift */ = {isa = PBXFileReference; lastKnownFileType = sourcecode.swift; path = Features/Search/SearchModel.swift; sourceTree = "<group>"; };
        DDB2E9268513FB939F118457 /* AdvancedSearchModel.swift */ = {isa = PBXFileReference; lastKnownFileType = sourcecode.swift; path = Features/Search/AdvancedSearchModel.swift; sourceTree = "<group>"; };
        07DDF087101742F9F8B0701A /* SearchViews.swift */ = {isa = PBXFileReference; lastKnownFileType = sourcecode.swift; path = Features/Search/SearchViews.swift; sourceTree = "<group>"; };
        8EC61689F6168F07FA3355F1 /* ListPager.swift */ = {isa = PBXFileReference; lastKnownFileType = sourcecode.swift; path = Features/Discovery/ListPager.swift; sourceTree = "<group>"; };
        5D7A728DB634A1326D6CE7FC /* DiscoveryViews.swift */ = {isa = PBXFileReference; lastKnownFileType = sourcecode.swift; path = Features/Discovery/DiscoveryViews.swift; sourceTree = "<group>"; };
        CD515F673384D1A2449DD56C /* CollectionServices.swift */ = {isa = PBXFileReference; lastKnownFileType = sourcecode.swift; path = Features/Discovery/CollectionServices.swift; sourceTree = "<group>"; };
        285399043E4E90A394E2AEC3 /* CollectionModels.swift */ = {isa = PBXFileReference; lastKnownFileType = sourcecode.swift; path = Features/Discovery/CollectionModels.swift; sourceTree = "<group>"; };
        9A7F23CE2B66563D909ED76E /* CollectionViews.swift */ = {isa = PBXFileReference; lastKnownFileType = sourcecode.swift; path = Features/Discovery/CollectionViews.swift; sourceTree = "<group>"; };
        083B7806FC22238A0EEBE5A8 /* DiscoveryTests.swift */ = {isa = PBXFileReference; lastKnownFileType = sourcecode.swift; path = DiscoveryTests.swift; sourceTree = "<group>"; };
        7807B892B2AE9149DD21D8B1 /* TagModel.swift */ = {isa = PBXFileReference; lastKnownFileType = sourcecode.swift; path = Features/Tag/TagModel.swift; sourceTree = "<group>"; };
        93FE0B35ADB76CD1ED1C0F0D /* TagView.swift */ = {isa = PBXFileReference; lastKnownFileType = sourcecode.swift; path = Features/Tag/TagView.swift; sourceTree = "<group>"; };
        F567245D4267A6D11E66C8AE /* ProfileModel.swift */ = {isa = PBXFileReference; lastKnownFileType = sourcecode.swift; path = Features/Profile/ProfileModel.swift; sourceTree = "<group>"; };
        7A22120C0CD53CDEBF94581A /* ProfileView.swift */ = {isa = PBXFileReference; lastKnownFileType = sourcecode.swift; path = Features/Profile/ProfileView.swift; sourceTree = "<group>"; };
        A302AA41612A8855AE734E3F /* BlacklistsModel.swift */ = {isa = PBXFileReference; lastKnownFileType = sourcecode.swift; path = Features/Blacklists/BlacklistsModel.swift; sourceTree = "<group>"; };
        76CDFAE75B97FCEF92D5AE24 /* BlacklistsView.swift */ = {isa = PBXFileReference; lastKnownFileType = sourcecode.swift; path = Features/Blacklists/BlacklistsView.swift; sourceTree = "<group>"; };
        3193CE591BAB3D4A556B4374 /* AccountTests.swift */ = {isa = PBXFileReference; lastKnownFileType = sourcecode.swift; path = AccountTests.swift; sourceTree = "<group>"; };
        0F986F8B41D0526EBF9DC8C6 /* ComposerAttachment.swift */ = {isa = PBXFileReference; lastKnownFileType = sourcecode.swift; path = Features/Composer/ComposerAttachment.swift; sourceTree = "<group>"; };
        8DE536F3286818219D435811 /* NotificationsModel.swift */ = {isa = PBXFileReference; lastKnownFileType = sourcecode.swift; path = Features/Notifications/NotificationsModel.swift; sourceTree = "<group>"; };
        6509329F5883DD782F94E216 /* NotificationsView.swift */ = {isa = PBXFileReference; lastKnownFileType = sourcecode.swift; path = Features/Notifications/NotificationsView.swift; sourceTree = "<group>"; };
        A3D95F292F6498AC8A2403F9 /* MessagesService.swift */ = {isa = PBXFileReference; lastKnownFileType = sourcecode.swift; path = Features/Messages/MessagesService.swift; sourceTree = "<group>"; };
        19A3A338BD06AE32AFA7E41F /* MessagesModels.swift */ = {isa = PBXFileReference; lastKnownFileType = sourcecode.swift; path = Features/Messages/MessagesModels.swift; sourceTree = "<group>"; };
        A383B801EB7438A37B8E40EA /* MessagesViews.swift */ = {isa = PBXFileReference; lastKnownFileType = sourcecode.swift; path = Features/Messages/MessagesViews.swift; sourceTree = "<group>"; };
        4EF022A0190C85A40A2FFFEC /* MessagingTests.swift */ = {isa = PBXFileReference; lastKnownFileType = sourcecode.swift; path = MessagingTests.swift; sourceTree = "<group>"; };
        03C1E60322E357D3B67DD492 /* Assets.xcassets */ = {isa = PBXFileReference; lastKnownFileType = folder.assetcatalog; path = Assets.xcassets; sourceTree = "<group>"; };
        2AE2C9F6EF61F673D35BC5D0 /* LaunchScreen.storyboard */ = {isa = PBXFileReference; lastKnownFileType = file.storyboard; path = LaunchScreen.storyboard; sourceTree = "<group>"; };
        0E13C8A17FC35BE15659F60B /* SplashView.swift */ = {isa = PBXFileReference; lastKnownFileType = sourcecode.swift; path = App/SplashView.swift; sourceTree = "<group>"; };
        F6BCF51AE0AEDCA2ACC29B64 /* MediaLoader.swift */ = {isa = PBXFileReference; lastKnownFileType = sourcecode.swift; path = Content/MediaLoader.swift; sourceTree = "<group>"; };
        5377743819E6CBF50176B3C1 /* SettingsModel.swift */ = {isa = PBXFileReference; lastKnownFileType = sourcecode.swift; path = Features/Settings/SettingsModel.swift; sourceTree = "<group>"; };
        6C4726BEB4F145EADBD29946 /* SettingsViews.swift */ = {isa = PBXFileReference; lastKnownFileType = sourcecode.swift; path = Features/Settings/SettingsViews.swift; sourceTree = "<group>"; };
/* End PBXFileReference section */

/* Begin PBXFileSystemSynchronizedBuildFileExceptionSet section */
		3EE29280E282B4738C9564A5 /* Exceptions for "iosApp" folder in "iosApp" target */ = {
			isa = PBXFileSystemSynchronizedBuildFileExceptionSet;
			membershipExceptions = (
				Info.plist,
			);
			target = 506B98A03DA423371A6299ED /* iosApp */;
		};
/* End PBXFileSystemSynchronizedBuildFileExceptionSet section */

/* Begin PBXFileSystemSynchronizedRootGroup section */
		8F47E8230FE21A54F4867A28 /* Configuration */ = {
			isa = PBXFileSystemSynchronizedRootGroup;
			path = Configuration;
			sourceTree = "<group>";
		};
		B4ED8A67DF565EECC27A5944 /* iosApp */ = {
			isa = PBXFileSystemSynchronizedRootGroup;
			exceptions = (
				3EE29280E282B4738C9564A5 /* Exceptions for "iosApp" folder in "iosApp" target */,
			);
			path = iosApp;
			sourceTree = "<group>";
		};
/* End PBXFileSystemSynchronizedRootGroup section */

/* Begin PBXFrameworksBuildPhase section */
		A83936DAD156347F29C2E721 /* Frameworks */ = {
			isa = PBXFrameworksBuildPhase;
			buildActionMask = 2147483647;
			files = (
			);
			runOnlyForDeploymentPostprocessing = 0;
		};

        29E83668E36743EA9924DD1A /* Frameworks */ = {isa = PBXFrameworksBuildPhase; buildActionMask = 2147483647; files = (); runOnlyForDeploymentPostprocessing = 0; };
        4CE2FE1D6BAB4C1E8DD8906B /* Frameworks */ = {isa = PBXFrameworksBuildPhase; buildActionMask = 2147483647; files = (); runOnlyForDeploymentPostprocessing = 0; };
        A8D894A6201645A4AFF0618F /* Frameworks */ = {isa = PBXFrameworksBuildPhase; buildActionMask = 2147483647; files = (); runOnlyForDeploymentPostprocessing = 0; };

/* End PBXFrameworksBuildPhase section */

/* Begin PBXGroup section */
		6DAA46080285CB2317AA9193 = {
			isa = PBXGroup;
			children = (
				8F47E8230FE21A54F4867A28 /* Configuration */,
				B4ED8A67DF565EECC27A5944 /* iosApp */,
				41370817FA524246A45B23AF /* Native */,
				FE5C1FC6E0CD4AFAA32FB958 /* NativeTests */,
				4EAA0D5A89C340D890F18B57 /* NativeUITests */,
				9A1D77A1EE3A4455926341B6 /* Assets.xcassets */,
				8D06BDD538C947C1AEA6865F /* Config.xcconfig */,
				AD66322D4D348E8E3A9FA20D /* Products */,
			);
			sourceTree = "<group>";
		};
		AD66322D4D348E8E3A9FA20D /* Products */ = {
			isa = PBXGroup;
			children = (
				9A6FC594DDCDDD41C2C7EC6A /* Podkop.app */,
				42BE2C4B8E164EB58EE39D2C /* PodkopNative.app */,
				FF61EE37102F46BD95675463 /* PodkopNativeTests.xctest */,
				F0D99D990D0942B2AA73E349 /* PodkopNativeUITests.xctest */,
			);
			name = Products;
			sourceTree = "<group>";
		};

        41370817FA524246A45B23AF /* Native */ = {isa = PBXGroup; children = (6C4726BEB4F145EADBD29946 /* SettingsViews.swift */, 5377743819E6CBF50176B3C1 /* SettingsModel.swift */, F6BCF51AE0AEDCA2ACC29B64 /* MediaLoader.swift */, 0E13C8A17FC35BE15659F60B /* SplashView.swift */, 2AE2C9F6EF61F673D35BC5D0 /* LaunchScreen.storyboard */, 03C1E60322E357D3B67DD492 /* Assets.xcassets */, A383B801EB7438A37B8E40EA /* MessagesViews.swift */, 19A3A338BD06AE32AFA7E41F /* MessagesModels.swift */, A3D95F292F6498AC8A2403F9 /* MessagesService.swift */, 6509329F5883DD782F94E216 /* NotificationsView.swift */, 8DE536F3286818219D435811 /* NotificationsModel.swift */, 0F986F8B41D0526EBF9DC8C6 /* ComposerAttachment.swift */, 76CDFAE75B97FCEF92D5AE24 /* BlacklistsView.swift */, A302AA41612A8855AE734E3F /* BlacklistsModel.swift */, 7A22120C0CD53CDEBF94581A /* ProfileView.swift */, F567245D4267A6D11E66C8AE /* ProfileModel.swift */, 93FE0B35ADB76CD1ED1C0F0D /* TagView.swift */, 7807B892B2AE9149DD21D8B1 /* TagModel.swift */, 9A7F23CE2B66563D909ED76E /* CollectionViews.swift */, 285399043E4E90A394E2AEC3 /* CollectionModels.swift */, CD515F673384D1A2449DD56C /* CollectionServices.swift */, 5D7A728DB634A1326D6CE7FC /* DiscoveryViews.swift */, 8EC61689F6168F07FA3355F1 /* ListPager.swift */, 07DDF087101742F9F8B0701A /* SearchViews.swift */, DDB2E9268513FB939F118457 /* AdvancedSearchModel.swift */, 37D642140D8F3C026C325D3F /* SearchModel.swift */, 7B67E2E3D39E49A3A045A6B5 /* NativeApp.swift */, 24D4922734BF474EBB88AF90 /* Navigation.swift */, 83D17579B10E45EC8444FC9D /* AppDependencies.swift */, 423E83F24A1242E49BEE23E1 /* ResourcePresentation.swift */, 31A61F97DBAC4A839394C803 /* RichContent.swift */, 4A788E919FFB47A08B7CF9E7 /* ResourceCard.swift */, 2E2F6319C87746BD801CD2FA /* NativeMedia.swift */, D324238273CB4320AC9F4B6B /* ContentFixtures.swift */, A55EEA11695A486EA7F8CC12 /* FeedModel.swift */, A55EEA11695A486EA7F8CC14 /* FeedView.swift */, A55EEA11695A486EA7F8CC18 /* ResourceUpdates.swift */, A55EEA11695A486EA7F8CC1A /* DetailModel.swift */, A55EEA11695A486EA7F8CC1C /* DetailView.swift */, A55EEA11695A486EA7F8CC1E /* DetailMutations.swift */, A55EEA11695A486EA7F8CC20 /* ResourceActions.swift */, A55EEA11695A486EA7F8CC24 /* ComposerModel.swift */, A55EEA11695A486EA7F8CC26 /* ComposerView.swift */, A55EEA11695A486EA7F8CC2A /* ComposerMedia.swift */, A55EEA11695A486EA7F8CC2C /* LinkSubmissionModel.swift */, A55EEA11695A486EA7F8CC2E /* LinkSubmissionView.swift */, 8938F95AE105476FBFAED90F /* BridgeAdapter.swift */, 209581F294714C7DB471EEB1 /* Localizable.xcstrings */); path = Native; sourceTree = "<group>"; };
        FE5C1FC6E0CD4AFAA32FB958 /* NativeTests */ = {isa = PBXGroup; children = (4EF022A0190C85A40A2FFFEC /* MessagingTests.swift */, 3193CE591BAB3D4A556B4374 /* AccountTests.swift */, 083B7806FC22238A0EEBE5A8 /* DiscoveryTests.swift */, 68D56A2BD57647A0AAC55C50 /* BridgeTests.swift */, BCA90B552E6E419AB9BC1E1F /* NavigationTests.swift */, EC43FE54DA684D6290309BA2 /* ContentTests.swift */, A55EEA11695A486EA7F8CC16 /* FeedTests.swift */, A55EEA11695A486EA7F8CC22 /* DetailTests.swift */, A55EEA11695A486EA7F8CC28 /* ComposerTests.swift */); path = NativeTests; sourceTree = "<group>"; };
        4EAA0D5A89C340D890F18B57 /* NativeUITests */ = {isa = PBXGroup; children = (BF3C4D3A623A46E4B9518E05 /* ShellUITests.swift */); path = NativeUITests; sourceTree = "<group>"; };

/* End PBXGroup section */

/* Begin PBXNativeTarget section */
		506B98A03DA423371A6299ED /* iosApp */ = {
			isa = PBXNativeTarget;
			buildConfigurationList = 39C2238F0983C5CD557B2B0E /* Build configuration list for PBXNativeTarget "iosApp" */;
			buildPhases = (
				C4C033263E1E620401722251 /* Compile Kotlin Framework */,
				017AAA60DD404BFECA2A693F /* Sources */,
				A83936DAD156347F29C2E721 /* Frameworks */,
				76B37695461288501FA456AF /* Resources */,
			);
			buildRules = (
			);
			dependencies = (
			);
			fileSystemSynchronizedGroups = (
				B4ED8A67DF565EECC27A5944 /* iosApp */,
			);
			name = iosApp;
			packageProductDependencies = (
			);
			productName = iosApp;
			productReference = 9A6FC594DDCDDD41C2C7EC6A /* Podkop.app */;
			productType = "com.apple.product-type.application";
		};

        FE9DDBCC85BF464D8A9E1499 /* PodkopNative */ = {
            isa = PBXNativeTarget;
            buildConfigurationList = 1A866AB58EB545F1847DCB4A /* Build configuration list for PBXNativeTarget "PodkopNative" */;
            buildPhases = (4325B37962A34626AD78A8AD /* Compile PodkopShared */, 2A8CE1E60CC94E4CA9963C38 /* Sources */, 29E83668E36743EA9924DD1A /* Frameworks */, C86FDA9CDD5C4A7B9A883907 /* Resources */);
            buildRules = ();
            dependencies = ();
            name = PodkopNative;
            productName = Podkop;
            productReference = 42BE2C4B8E164EB58EE39D2C /* PodkopNative.app */;
            productType = "com.apple.product-type.application";
        };
        77E4A4C544EB4E7BABB16189 /* PodkopNativeTests */ = {
            isa = PBXNativeTarget;
            buildConfigurationList = 502C8F3EAF804592A997AC2F /* Build configuration list for PBXNativeTarget "PodkopNativeTests" */;
            buildPhases = (830BBEA643AC4253B8C6086A /* Sources */, 4CE2FE1D6BAB4C1E8DD8906B /* Frameworks */, 16914481027745E893E4AFA8 /* Resources */);
            buildRules = ();
            dependencies = (13D93BC1CEBA429CB74F58A8 /* PBXTargetDependency */);
            name = PodkopNativeTests;
            productName = PodkopNativeTests;
            productReference = FF61EE37102F46BD95675463 /* PodkopNativeTests.xctest */;
            productType = "com.apple.product-type.bundle.unit-test";
        };
        C6B7DC2B00CD4C8F9B659F4F /* PodkopNativeUITests */ = {
            isa = PBXNativeTarget;
            buildConfigurationList = 0612759F424D493C9269F4BC /* Build configuration list for PBXNativeTarget "PodkopNativeUITests" */;
            buildPhases = (19AD0EE6EDC543D793058849 /* Sources */, A8D894A6201645A4AFF0618F /* Frameworks */, BDECE971E824433C90DEBE14 /* Resources */);
            buildRules = ();
            dependencies = (D0988721251F4F5DB6DB58E7 /* PBXTargetDependency */);
            name = PodkopNativeUITests;
            productName = PodkopNativeUITests;
            productReference = F0D99D990D0942B2AA73E349 /* PodkopNativeUITests.xctest */;
            productType = "com.apple.product-type.bundle.ui-testing";
        };

/* End PBXNativeTarget section */

/* Begin PBXProject section */
		BA9D32A715B2F10824809DBD /* Project object */ = {
			isa = PBXProject;
			attributes = {
				BuildIndependentTargetsInParallel = 1;
				LastSwiftUpdateCheck = 1620;
				LastUpgradeCheck = 1620;
				TargetAttributes = {
					506B98A03DA423371A6299ED = {
						CreatedOnToolsVersion = 16.2;
					};
					FE9DDBCC85BF464D8A9E1499 = { CreatedOnToolsVersion = 27.0; };
				77E4A4C544EB4E7BABB16189 = { CreatedOnToolsVersion = 27.0; TestTargetID = FE9DDBCC85BF464D8A9E1499; };
				C6B7DC2B00CD4C8F9B659F4F = { CreatedOnToolsVersion = 27.0; TestTargetID = FE9DDBCC85BF464D8A9E1499; };
				};
			};
			buildConfigurationList = 3F2C799EBCE6A9A764DDFE89 /* Build configuration list for PBXProject "iosApp" */;
			developmentRegion = en;
			hasScannedForEncodings = 0;
			knownRegions = (
				en,
				Base,
			);
			mainGroup = 6DAA46080285CB2317AA9193;
			minimizedProjectReferenceProxies = 1;
			preferredProjectObjectVersion = 77;
			productRefGroup = AD66322D4D348E8E3A9FA20D /* Products */;
			projectDirPath = "";
			projectRoot = "";
			targets = (
				506B98A03DA423371A6299ED /* iosApp */,
				FE9DDBCC85BF464D8A9E1499 /* PodkopNative */,
				77E4A4C544EB4E7BABB16189 /* PodkopNativeTests */,
				C6B7DC2B00CD4C8F9B659F4F /* PodkopNativeUITests */,
			);
		};
/* End PBXProject section */

/* Begin PBXResourcesBuildPhase section */
		76B37695461288501FA456AF /* Resources */ = {
			isa = PBXResourcesBuildPhase;
			buildActionMask = 2147483647;
			files = (
			);
			runOnlyForDeploymentPostprocessing = 0;
		};

        C86FDA9CDD5C4A7B9A883907 /* Resources */ = {isa = PBXResourcesBuildPhase; buildActionMask = 2147483647; files = (76FD32DE44B14626F1927AF5 /* LaunchScreen.storyboard in Resources */, 04DE9B7D13DE93A26B4E5ADF /* Assets.xcassets in Resources */, 0D91B5B012E34DDF9850C07F /* Assets.xcassets in Resources */, B45D929D657D42B28C07A0F2 /* Localizable.xcstrings in Resources */); runOnlyForDeploymentPostprocessing = 0; };
        16914481027745E893E4AFA8 /* Resources */ = {isa = PBXResourcesBuildPhase; buildActionMask = 2147483647; files = (); runOnlyForDeploymentPostprocessing = 0; };
        BDECE971E824433C90DEBE14 /* Resources */ = {isa = PBXResourcesBuildPhase; buildActionMask = 2147483647; files = (); runOnlyForDeploymentPostprocessing = 0; };

/* End PBXResourcesBuildPhase section */

/* Begin PBXShellScriptBuildPhase section */
		C4C033263E1E620401722251 /* Compile Kotlin Framework */ = {
			isa = PBXShellScriptBuildPhase;
			alwaysOutOfDate = 1;
			buildActionMask = 2147483647;
			files = (
			);
			inputFileListPaths = (
			);
			inputPaths = (
			);
			name = "Compile Kotlin Framework";
			outputFileListPaths = (
			);
			outputPaths = (
			);
			runOnlyForDeploymentPostprocessing = 0;
			shellPath = /bin/sh;
			shellScript = "if [ \"YES\" = \"$OVERRIDE_KOTLIN_BUILD_IDE_SUPPORTED\" ]; then\n  echo \"Skipping Gradle build task invocation due to OVERRIDE_KOTLIN_BUILD_IDE_SUPPORTED environment variable set to \\\"YES\\\"\"\n  exit 0\nfi\ncd \"$SRCROOT/..\"\n./gradlew :composeApp:embedAndSignAppleFrameworkForXcode\n";
		};

        4325B37962A34626AD78A8AD /* Compile PodkopShared */ = {
            isa = PBXShellScriptBuildPhase;
            alwaysOutOfDate = 1;
            buildActionMask = 2147483647;
            files = ();
            inputFileListPaths = ();
            inputPaths = ();
            name = "Compile PodkopShared";
            outputFileListPaths = ();
            outputPaths = ();
            runOnlyForDeploymentPostprocessing = 0;
            shellPath = /bin/sh;
            shellScript = "if [ \"YES\" = \"$OVERRIDE_KOTLIN_BUILD_IDE_SUPPORTED\" ]; then\n  exit 0\nfi\ncd \"$SRCROOT/..\"\n./gradlew :iosShared:embedAndSignAppleFrameworkForXcode\n";
        };

/* End PBXShellScriptBuildPhase section */

/* Begin PBXSourcesBuildPhase section */
		017AAA60DD404BFECA2A693F /* Sources */ = {
			isa = PBXSourcesBuildPhase;
			buildActionMask = 2147483647;
			files = (
			);
			runOnlyForDeploymentPostprocessing = 0;
		};

        2A8CE1E60CC94E4CA9963C38 /* Sources */ = {isa = PBXSourcesBuildPhase; buildActionMask = 2147483647; files = (1DD88B3D890AAF4FBC543793 /* SettingsViews.swift in Sources */, 3BC9F5AEF6C7595E7DA6EA69 /* SettingsModel.swift in Sources */, CBE9ED5793A7BD3B8E5EF6F7 /* MediaLoader.swift in Sources */, 5E675A79ECA1665A790C4961 /* SplashView.swift in Sources */, E7B65153DBAB59F2081B1374 /* MessagesViews.swift in Sources */, 95B92707EBB3ED9AEA2FCB5D /* MessagesModels.swift in Sources */, FE052771E8D3D1B6120DF994 /* MessagesService.swift in Sources */, FBD65A4EB20659E664CD4466 /* NotificationsView.swift in Sources */, 48FE84B34800D916CA1B6BFC /* NotificationsModel.swift in Sources */, 8B3CA09CDD2CCACFDEBF9F5B /* ComposerAttachment.swift in Sources */, CF566D71956DBD5300BB9C48 /* BlacklistsView.swift in Sources */, 43A6E3BAFF11CF1360AE8836 /* BlacklistsModel.swift in Sources */, 9281BF33F2FAE691DF4E3E85 /* ProfileView.swift in Sources */, 18D1DE7A6BD88416F06954AF /* ProfileModel.swift in Sources */, E71A1890F7C98C82DA8DED1D /* TagView.swift in Sources */, AE162D3DA55CD0503E893832 /* TagModel.swift in Sources */, F0CE44DF4F1D50A2D776540B /* CollectionViews.swift in Sources */, 112589EFFF93D71816A14FB2 /* CollectionModels.swift in Sources */, 1C85B399732F8252ED64834E /* CollectionServices.swift in Sources */, 1635A6C50CC0FB99834D58EF /* DiscoveryViews.swift in Sources */, 02CB33D15DC0CE1ABA44F0BA /* ListPager.swift in Sources */, B5CF11022E7F87221A02E249 /* SearchViews.swift in Sources */, 0F079B3C76D37B02FC14327D /* AdvancedSearchModel.swift in Sources */, 909E681194FBCF39134101AC /* SearchModel.swift in Sources */, 61C15A94C3E544BB939D67CC /* NativeApp.swift in Sources */, 6AC4F2076DE74EA08D08B105 /* Navigation.swift in Sources */, 66ECDFE970A3470C9C20635D /* AppDependencies.swift in Sources */, 765EF8B8CB9D4E3A9ECDE2AB /* ResourcePresentation.swift in Sources */, ED688BA1A1E64006B7DD778D /* RichContent.swift in Sources */, B1D7EE6EF1334F1199028973 /* ResourceCard.swift in Sources */, 42C81BFD5ED142EFAC753D3C /* NativeMedia.swift in Sources */, A42A844F2170466EAA736E8B /* ContentFixtures.swift in Sources */, A55EEA11695A486EA7F8CC11 /* FeedModel.swift in Sources */, A55EEA11695A486EA7F8CC13 /* FeedView.swift in Sources */, A55EEA11695A486EA7F8CC17 /* ResourceUpdates.swift in Sources */, A55EEA11695A486EA7F8CC19 /* DetailModel.swift in Sources */, A55EEA11695A486EA7F8CC1B /* DetailView.swift in Sources */, A55EEA11695A486EA7F8CC1D /* DetailMutations.swift in Sources */, A55EEA11695A486EA7F8CC1F /* ResourceActions.swift in Sources */, A55EEA11695A486EA7F8CC23 /* ComposerModel.swift in Sources */, A55EEA11695A486EA7F8CC25 /* ComposerView.swift in Sources */, A55EEA11695A486EA7F8CC29 /* ComposerMedia.swift in Sources */, A55EEA11695A486EA7F8CC2B /* LinkSubmissionModel.swift in Sources */, A55EEA11695A486EA7F8CC2D /* LinkSubmissionView.swift in Sources */, EA6FB1290B8641528214D00C /* BridgeAdapter.swift in Sources */); runOnlyForDeploymentPostprocessing = 0; };
        830BBEA643AC4253B8C6086A /* Sources */ = {isa = PBXSourcesBuildPhase; buildActionMask = 2147483647; files = (74DD18CFCCD3542F378CBF88 /* MessagingTests.swift in Sources */, A7B3FBB69C8AAE432D76F746 /* AccountTests.swift in Sources */, 66C773A96841C88BD97B0E0B /* DiscoveryTests.swift in Sources */, 0A03C3378B6842BB92176384 /* BridgeTests.swift in Sources */, B6CCCA61EC664508A2A9EB7E /* NavigationTests.swift in Sources */, A4D20531481741C293C99B22 /* ContentTests.swift in Sources */, A55EEA11695A486EA7F8CC15 /* FeedTests.swift in Sources */, A55EEA11695A486EA7F8CC21 /* DetailTests.swift in Sources */, A55EEA11695A486EA7F8CC27 /* ComposerTests.swift in Sources */); runOnlyForDeploymentPostprocessing = 0; };
        19AD0EE6EDC543D793058849 /* Sources */ = {isa = PBXSourcesBuildPhase; buildActionMask = 2147483647; files = (5E8F6213798A4CFDB0D0E854 /* ShellUITests.swift in Sources */); runOnlyForDeploymentPostprocessing = 0; };

/* End PBXSourcesBuildPhase section */

/* Begin PBXContainerItemProxy section */
        5DAF920E79174656982F6CC0 /* PBXContainerItemProxy */ = {isa = PBXContainerItemProxy; containerPortal = BA9D32A715B2F10824809DBD /* Project object */; proxyType = 1; remoteGlobalIDString = FE9DDBCC85BF464D8A9E1499; remoteInfo = PodkopNative; };
        E4D20C18AB8A4F529BBA2650 /* PBXContainerItemProxy */ = {isa = PBXContainerItemProxy; containerPortal = BA9D32A715B2F10824809DBD /* Project object */; proxyType = 1; remoteGlobalIDString = FE9DDBCC85BF464D8A9E1499; remoteInfo = PodkopNative; };
/* End PBXContainerItemProxy section */

/* Begin PBXTargetDependency section */
        13D93BC1CEBA429CB74F58A8 /* PBXTargetDependency */ = {isa = PBXTargetDependency; target = FE9DDBCC85BF464D8A9E1499 /* PodkopNative */; targetProxy = 5DAF920E79174656982F6CC0 /* PBXContainerItemProxy */; };
        D0988721251F4F5DB6DB58E7 /* PBXTargetDependency */ = {isa = PBXTargetDependency; target = FE9DDBCC85BF464D8A9E1499 /* PodkopNative */; targetProxy = E4D20C18AB8A4F529BBA2650 /* PBXContainerItemProxy */; };
/* End PBXTargetDependency section */

/* Begin XCBuildConfiguration section */
		AECE49A9403DB9F96CAF7442 /* Debug */ = {
			isa = XCBuildConfiguration;
			baseConfigurationReferenceAnchor = 8F47E8230FE21A54F4867A28 /* Configuration */;
			baseConfigurationReferenceRelativePath = Config.xcconfig;
			buildSettings = {
				ALWAYS_SEARCH_USER_PATHS = NO;
				ASSETCATALOG_COMPILER_GENERATE_SWIFT_ASSET_SYMBOL_EXTENSIONS = YES;
				CLANG_ANALYZER_NONNULL = YES;
				CLANG_ANALYZER_NUMBER_OBJECT_CONVERSION = YES_AGGRESSIVE;
				CLANG_CXX_LANGUAGE_STANDARD = "gnu++20";
				CLANG_ENABLE_MODULES = YES;
				CLANG_ENABLE_OBJC_ARC = YES;
				CLANG_ENABLE_OBJC_WEAK = YES;
				CLANG_WARN_BLOCK_CAPTURE_AUTORELEASING = YES;
				CLANG_WARN_BOOL_CONVERSION = YES;
				CLANG_WARN_COMMA = YES;
				CLANG_WARN_CONSTANT_CONVERSION = YES;
				CLANG_WARN_DEPRECATED_OBJC_IMPLEMENTATIONS = YES;
				CLANG_WARN_DIRECT_OBJC_ISA_USAGE = YES_ERROR;
				CLANG_WARN_DOCUMENTATION_COMMENTS = YES;
				CLANG_WARN_EMPTY_BODY = YES;
				CLANG_WARN_ENUM_CONVERSION = YES;
				CLANG_WARN_INFINITE_RECURSION = YES;
				CLANG_WARN_INT_CONVERSION = YES;
				CLANG_WARN_NON_LITERAL_NULL_CONVERSION = YES;
				CLANG_WARN_OBJC_IMPLICIT_RETAIN_SELF = YES;
				CLANG_WARN_OBJC_LITERAL_CONVERSION = YES;
				CLANG_WARN_OBJC_ROOT_CLASS = YES_ERROR;
				CLANG_WARN_QUOTED_INCLUDE_IN_FRAMEWORK_HEADER = YES;
				CLANG_WARN_RANGE_LOOP_ANALYSIS = YES;
				CLANG_WARN_STRICT_PROTOTYPES = YES;
				CLANG_WARN_SUSPICIOUS_MOVE = YES;
				CLANG_WARN_UNGUARDED_AVAILABILITY = YES_AGGRESSIVE;
				CLANG_WARN_UNREACHABLE_CODE = YES;
				CLANG_WARN__DUPLICATE_METHOD_MATCH = YES;
				COPY_PHASE_STRIP = NO;
				DEBUG_INFORMATION_FORMAT = dwarf;
				ENABLE_STRICT_OBJC_MSGSEND = YES;
				ENABLE_TESTABILITY = YES;
				ENABLE_USER_SCRIPT_SANDBOXING = NO;
				GCC_C_LANGUAGE_STANDARD = gnu17;
				GCC_DYNAMIC_NO_PIC = NO;
				GCC_NO_COMMON_BLOCKS = YES;
				GCC_OPTIMIZATION_LEVEL = 0;
				GCC_PREPROCESSOR_DEFINITIONS = (
					"DEBUG=1",
					"$(inherited)",
				);
				GCC_WARN_64_TO_32_BIT_CONVERSION = YES;
				GCC_WARN_ABOUT_RETURN_TYPE = YES_ERROR;
				GCC_WARN_UNDECLARED_SELECTOR = YES;
				GCC_WARN_UNINITIALIZED_AUTOS = YES_AGGRESSIVE;
				GCC_WARN_UNUSED_FUNCTION = YES;
				GCC_WARN_UNUSED_VARIABLE = YES;
				IPHONEOS_DEPLOYMENT_TARGET = 18.2;
				LOCALIZATION_PREFERS_STRING_CATALOGS = YES;
				MTL_ENABLE_DEBUG_INFO = INCLUDE_SOURCE;
				MTL_FAST_MATH = YES;
				ONLY_ACTIVE_ARCH = YES;
				SDKROOT = iphoneos;
				SWIFT_ACTIVE_COMPILATION_CONDITIONS = "DEBUG $(inherited)";
				SWIFT_OPTIMIZATION_LEVEL = "-Onone";
			};
			name = Debug;
		};
		BB055A0038BD30FC15E1B1AB /* Release */ = {
			isa = XCBuildConfiguration;
			baseConfigurationReferenceAnchor = 8F47E8230FE21A54F4867A28 /* Configuration */;
			baseConfigurationReferenceRelativePath = Config.xcconfig;
			buildSettings = {
				ARCHS = arm64;
				ASSETCATALOG_COMPILER_APPICON_NAME = AppIcon;
				ASSETCATALOG_COMPILER_GLOBAL_ACCENT_COLOR_NAME = AccentColor;
				CODE_SIGN_IDENTITY = "Apple Development";
				CODE_SIGN_STYLE = Automatic;
				DEVELOPMENT_ASSET_PATHS = "\"iosApp/Preview Content\"";
				DEVELOPMENT_TEAM = J56J6ZLN8W;
				ENABLE_PREVIEWS = YES;
				GENERATE_INFOPLIST_FILE = YES;
				INFOPLIST_FILE = iosApp/Info.plist;
				INFOPLIST_KEY_UIApplicationSceneManifest_Generation = YES;
				INFOPLIST_KEY_UIApplicationSupportsIndirectInputEvents = YES;
				INFOPLIST_KEY_UILaunchScreen_Generation = NO;
				INFOPLIST_KEY_UILaunchStoryboardName = LaunchScreen;
				INFOPLIST_KEY_UISupportedInterfaceOrientations_iPad = "UIInterfaceOrientationPortrait UIInterfaceOrientationPortraitUpsideDown UIInterfaceOrientationLandscapeLeft UIInterfaceOrientationLandscapeRight";
				INFOPLIST_KEY_UISupportedInterfaceOrientations_iPhone = "UIInterfaceOrientationPortrait UIInterfaceOrientationLandscapeLeft UIInterfaceOrientationLandscapeRight";
				IPHONEOS_DEPLOYMENT_TARGET = 18.0;
				LD_RUNPATH_SEARCH_PATHS = (
					"$(inherited)",
					"@executable_path/Frameworks",
				);
				SWIFT_EMIT_LOC_STRINGS = YES;
				SWIFT_VERSION = 5.0;
				TARGETED_DEVICE_FAMILY = "1,2";
			};
			name = Release;
		};
		BC983152703DFDE785AC2043 /* Release */ = {
			isa = XCBuildConfiguration;
			baseConfigurationReferenceAnchor = 8F47E8230FE21A54F4867A28 /* Configuration */;
			baseConfigurationReferenceRelativePath = Config.xcconfig;
			buildSettings = {
				ALWAYS_SEARCH_USER_PATHS = NO;
				ASSETCATALOG_COMPILER_GENERATE_SWIFT_ASSET_SYMBOL_EXTENSIONS = YES;
				CLANG_ANALYZER_NONNULL = YES;
				CLANG_ANALYZER_NUMBER_OBJECT_CONVERSION = YES_AGGRESSIVE;
				CLANG_CXX_LANGUAGE_STANDARD = "gnu++20";
				CLANG_ENABLE_MODULES = YES;
				CLANG_ENABLE_OBJC_ARC = YES;
				CLANG_ENABLE_OBJC_WEAK = YES;
				CLANG_WARN_BLOCK_CAPTURE_AUTORELEASING = YES;
				CLANG_WARN_BOOL_CONVERSION = YES;
				CLANG_WARN_COMMA = YES;
				CLANG_WARN_CONSTANT_CONVERSION = YES;
				CLANG_WARN_DEPRECATED_OBJC_IMPLEMENTATIONS = YES;
				CLANG_WARN_DIRECT_OBJC_ISA_USAGE = YES_ERROR;
				CLANG_WARN_DOCUMENTATION_COMMENTS = YES;
				CLANG_WARN_EMPTY_BODY = YES;
				CLANG_WARN_ENUM_CONVERSION = YES;
				CLANG_WARN_INFINITE_RECURSION = YES;
				CLANG_WARN_INT_CONVERSION = YES;
				CLANG_WARN_NON_LITERAL_NULL_CONVERSION = YES;
				CLANG_WARN_OBJC_IMPLICIT_RETAIN_SELF = YES;
				CLANG_WARN_OBJC_LITERAL_CONVERSION = YES;
				CLANG_WARN_OBJC_ROOT_CLASS = YES_ERROR;
				CLANG_WARN_QUOTED_INCLUDE_IN_FRAMEWORK_HEADER = YES;
				CLANG_WARN_RANGE_LOOP_ANALYSIS = YES;
				CLANG_WARN_STRICT_PROTOTYPES = YES;
				CLANG_WARN_SUSPICIOUS_MOVE = YES;
				CLANG_WARN_UNGUARDED_AVAILABILITY = YES_AGGRESSIVE;
				CLANG_WARN_UNREACHABLE_CODE = YES;
				CLANG_WARN__DUPLICATE_METHOD_MATCH = YES;
				COPY_PHASE_STRIP = NO;
				DEBUG_INFORMATION_FORMAT = "dwarf-with-dsym";
				ENABLE_NS_ASSERTIONS = NO;
				ENABLE_STRICT_OBJC_MSGSEND = YES;
				ENABLE_USER_SCRIPT_SANDBOXING = NO;
				GCC_C_LANGUAGE_STANDARD = gnu17;
				GCC_NO_COMMON_BLOCKS = YES;
				GCC_WARN_64_TO_32_BIT_CONVERSION = YES;
				GCC_WARN_ABOUT_RETURN_TYPE = YES_ERROR;
				GCC_WARN_UNDECLARED_SELECTOR = YES;
				GCC_WARN_UNINITIALIZED_AUTOS = YES_AGGRESSIVE;
				GCC_WARN_UNUSED_FUNCTION = YES;
				GCC_WARN_UNUSED_VARIABLE = YES;
				IPHONEOS_DEPLOYMENT_TARGET = 18.2;
				LOCALIZATION_PREFERS_STRING_CATALOGS = YES;
				MTL_ENABLE_DEBUG_INFO = NO;
				MTL_FAST_MATH = YES;
				SDKROOT = iphoneos;
				SWIFT_COMPILATION_MODE = wholemodule;
				VALIDATE_PRODUCT = YES;
			};
			name = Release;
		};
		FD49424E33B597306C05C3AE /* Debug */ = {
			isa = XCBuildConfiguration;
			baseConfigurationReferenceAnchor = 8F47E8230FE21A54F4867A28 /* Configuration */;
			baseConfigurationReferenceRelativePath = Config.xcconfig;
			buildSettings = {
				ARCHS = arm64;
				ASSETCATALOG_COMPILER_APPICON_NAME = AppIcon;
				ASSETCATALOG_COMPILER_GLOBAL_ACCENT_COLOR_NAME = AccentColor;
				CODE_SIGN_IDENTITY = "Apple Development";
				CODE_SIGN_STYLE = Automatic;
				DEVELOPMENT_ASSET_PATHS = "\"iosApp/Preview Content\"";
				DEVELOPMENT_TEAM = J56J6ZLN8W;
				ENABLE_PREVIEWS = YES;
				GENERATE_INFOPLIST_FILE = YES;
				INFOPLIST_FILE = iosApp/Info.plist;
				INFOPLIST_KEY_UIApplicationSceneManifest_Generation = YES;
				INFOPLIST_KEY_UIApplicationSupportsIndirectInputEvents = YES;
				INFOPLIST_KEY_UILaunchScreen_Generation = NO;
				INFOPLIST_KEY_UILaunchStoryboardName = LaunchScreen;
				INFOPLIST_KEY_UISupportedInterfaceOrientations_iPad = "UIInterfaceOrientationPortrait UIInterfaceOrientationPortraitUpsideDown UIInterfaceOrientationLandscapeLeft UIInterfaceOrientationLandscapeRight";
				INFOPLIST_KEY_UISupportedInterfaceOrientations_iPhone = "UIInterfaceOrientationPortrait UIInterfaceOrientationLandscapeLeft UIInterfaceOrientationLandscapeRight";
				IPHONEOS_DEPLOYMENT_TARGET = 18.0;
				LD_RUNPATH_SEARCH_PATHS = (
					"$(inherited)",
					"@executable_path/Frameworks",
				);
				SWIFT_EMIT_LOC_STRINGS = YES;
				SWIFT_VERSION = 5.0;
				TARGETED_DEVICE_FAMILY = "1,2";
			};
			name = Debug;
		};
        E1698F77A8EA4C999E392BF4 /* Debug */ = {isa = XCBuildConfiguration; baseConfigurationReference = 8D06BDD538C947C1AEA6865F /* Config.xcconfig */; buildSettings = { ARCHS = arm64; ASSETCATALOG_COMPILER_APPICON_NAME = AppIcon; CODE_SIGN_STYLE = Automatic; DEVELOPMENT_TEAM = J56J6ZLN8W; ENABLE_USER_SCRIPT_SANDBOXING = NO; GENERATE_INFOPLIST_FILE = YES; INFOPLIST_FILE = iosApp/Info.plist; IPHONEOS_DEPLOYMENT_TARGET = 18.0; PRODUCT_NAME = Podkop; PRODUCT_MODULE_NAME = PodkopNative; SWIFT_VERSION = 5.0; TARGETED_DEVICE_FAMILY = "1,2"; }; name = Debug; };
        87016B50EA2542F1937FCFFE /* Release */ = {isa = XCBuildConfiguration; baseConfigurationReference = 8D06BDD538C947C1AEA6865F /* Config.xcconfig */; buildSettings = { ARCHS = arm64; ASSETCATALOG_COMPILER_APPICON_NAME = AppIcon; CODE_SIGN_STYLE = Automatic; DEVELOPMENT_TEAM = J56J6ZLN8W; ENABLE_USER_SCRIPT_SANDBOXING = NO; GENERATE_INFOPLIST_FILE = YES; INFOPLIST_FILE = iosApp/Info.plist; IPHONEOS_DEPLOYMENT_TARGET = 18.0; PRODUCT_NAME = Podkop; PRODUCT_MODULE_NAME = PodkopNative; SWIFT_VERSION = 5.0; TARGETED_DEVICE_FAMILY = "1,2"; }; name = Release; };
        8587F296035C4E68BEEF5CDC /* Debug */ = {isa = XCBuildConfiguration; baseConfigurationReference = 8D06BDD538C947C1AEA6865F /* Config.xcconfig */; buildSettings = { ARCHS = arm64; CODE_SIGNING_ALLOWED = NO; GENERATE_INFOPLIST_FILE = YES; IPHONEOS_DEPLOYMENT_TARGET = 18.0; PRODUCT_BUNDLE_IDENTIFIER = pl.masslany.podkop.PodkopNativeTests; PRODUCT_NAME = PodkopNativeTests; PRODUCT_MODULE_NAME = PodkopNativeTests; SWIFT_VERSION = 5.0; TARGETED_DEVICE_FAMILY = "1,2"; TEST_HOST = "$(BUILT_PRODUCTS_DIR)/Podkop.app/Podkop"; BUNDLE_LOADER = "$(TEST_HOST)"; }; name = Debug; };
        08F2099D38EB40EB9C6F8CA9 /* Release */ = {isa = XCBuildConfiguration; baseConfigurationReference = 8D06BDD538C947C1AEA6865F /* Config.xcconfig */; buildSettings = { ARCHS = arm64; CODE_SIGNING_ALLOWED = NO; GENERATE_INFOPLIST_FILE = YES; IPHONEOS_DEPLOYMENT_TARGET = 18.0; PRODUCT_BUNDLE_IDENTIFIER = pl.masslany.podkop.PodkopNativeTests; PRODUCT_NAME = PodkopNativeTests; PRODUCT_MODULE_NAME = PodkopNativeTests; SWIFT_VERSION = 5.0; TARGETED_DEVICE_FAMILY = "1,2"; TEST_HOST = "$(BUILT_PRODUCTS_DIR)/Podkop.app/Podkop"; BUNDLE_LOADER = "$(TEST_HOST)"; }; name = Release; };
        2F5A2C0E768A4B76A102B330 /* Debug */ = {isa = XCBuildConfiguration; buildSettings = { ARCHS = arm64; CODE_SIGNING_ALLOWED = NO; GENERATE_INFOPLIST_FILE = YES; IPHONEOS_DEPLOYMENT_TARGET = 18.0; PRODUCT_BUNDLE_IDENTIFIER = pl.masslany.podkop.PodkopNativeUITests; PRODUCT_NAME = PodkopNativeUITests; PRODUCT_MODULE_NAME = PodkopNativeUITests; SWIFT_VERSION = 5.0; TARGETED_DEVICE_FAMILY = "1,2"; TEST_TARGET_NAME = PodkopNative; }; name = Debug; };
        352F472D9D0D49EF916CFF46 /* Release */ = {isa = XCBuildConfiguration; buildSettings = { ARCHS = arm64; CODE_SIGNING_ALLOWED = NO; GENERATE_INFOPLIST_FILE = YES; IPHONEOS_DEPLOYMENT_TARGET = 18.0; PRODUCT_BUNDLE_IDENTIFIER = pl.masslany.podkop.PodkopNativeUITests; PRODUCT_NAME = PodkopNativeUITests; PRODUCT_MODULE_NAME = PodkopNativeUITests; SWIFT_VERSION = 5.0; TARGETED_DEVICE_FAMILY = "1,2"; TEST_TARGET_NAME = PodkopNative; }; name = Release; };
/* End XCBuildConfiguration section */

/* Begin XCConfigurationList section */
		39C2238F0983C5CD557B2B0E /* Build configuration list for PBXNativeTarget "iosApp" */ = {
			isa = XCConfigurationList;
			buildConfigurations = (
				FD49424E33B597306C05C3AE /* Debug */,
				BB055A0038BD30FC15E1B1AB /* Release */,
			);
			defaultConfigurationIsVisible = 0;
			defaultConfigurationName = Release;
		};
		3F2C799EBCE6A9A764DDFE89 /* Build configuration list for PBXProject "iosApp" */ = {
			isa = XCConfigurationList;
			buildConfigurations = (
				AECE49A9403DB9F96CAF7442 /* Debug */,
				BC983152703DFDE785AC2043 /* Release */,
			);
			defaultConfigurationIsVisible = 0;
			defaultConfigurationName = Release;
		};

        1A866AB58EB545F1847DCB4A /* Build configuration list for PBXNativeTarget "PodkopNative" */ = {isa = XCConfigurationList; buildConfigurations = (E1698F77A8EA4C999E392BF4 /* Debug */, 87016B50EA2542F1937FCFFE /* Release */); defaultConfigurationIsVisible = 0; defaultConfigurationName = Release; };
        502C8F3EAF804592A997AC2F /* Build configuration list for PBXNativeTarget "PodkopNativeTests" */ = {isa = XCConfigurationList; buildConfigurations = (8587F296035C4E68BEEF5CDC /* Debug */, 08F2099D38EB40EB9C6F8CA9 /* Release */); defaultConfigurationIsVisible = 0; defaultConfigurationName = Release; };
        0612759F424D493C9269F4BC /* Build configuration list for PBXNativeTarget "PodkopNativeUITests" */ = {isa = XCConfigurationList; buildConfigurations = (2F5A2C0E768A4B76A102B330 /* Debug */, 352F472D9D0D49EF916CFF46 /* Release */); defaultConfigurationIsVisible = 0; defaultConfigurationName = Release; };

/* End XCConfigurationList section */
	};
	rootObject = BA9D32A715B2F10824809DBD /* Project object */;
}
